<?xml version="1.0" encoding="utf-8"?>
<Project ToolsVersion="4.0" xmlns="http://schemas.microsoft.com/developer/msbuild/2003">
  <ItemGroup>
    <ClCompile Include="src\main.cpp">
      <Filter>src</Filter>
    </ClCompile>
    <ClCompile Include="..\..\..\addons\ofxBullet\src\ofxBulletWorldRigid.cpp">
      <Filter>addons\ofxBullet\src</Filter>
    </ClCompile>
    <ClCompile Include="..\..\..\addons\ofxBullet\src\shapes\ofxBulletCustomShape.cpp">
      <Filter>addons\ofxBullet\src\shapes</Filter>
    </ClCompile>
    <ClCompile Include="..\..\..\addons\ofxBullet\src\shapes\ofxBulletCylinder.cpp">
      <Filter>addons\ofxBullet\src\shapes</Filter>
    </ClCompile>
    <ClCompile Include="..\..\..\addons\ofxBullet\src\shapes\ofxBulletSphere.cpp">
      <Filter>addons\ofxBullet\src\shapes</Filter>
    </ClCompile>
    <ClCompile Include="..\..\..\addons\ofxBullet\src\shapes\ofxBulletStaticPlane.cpp">
      <Filter>addons\ofxBullet\src\shapes</Filter>
    </ClCompile>
    <ClCompile Include="..\..\..\addons\ofxBullet\src\shapes\ofxBulletBaseShape.cpp">
      <Filter>addons\ofxBullet\src\shapes</Filter>
    </ClCompile>
    <ClCompile Include="..\..\..\addons\ofxBullet\src\shapes\ofxBulletBox.cpp">
      <Filter>addons\ofxBullet\src\shapes</Filter>
    </ClCompile>
    <ClCompile Include="..\..\..\addons\ofxBullet\src\shapes\ofxBulletCapsule.cpp">
      <Filter>addons\ofxBullet\src\shapes</Filter>
    </ClCompile>
    <ClCompile Include="..\..\..\addons\ofxBullet\src\shapes\ofxBulletCone.cpp">
      <Filter>addons\ofxBullet\src\shapes</Filter>
    </ClCompile>
    <ClCompile Include="..\..\..\addons\ofxBullet\src\shapes\ofxBulletConvexShape.cpp">
      <Filter>addons\ofxBullet\src\shapes</Filter>
    </ClCompile>
    <ClCompile Include="..\..\..\addons\ofxBullet\src\render\GLDebugDrawer.cpp">
      <Filter>addons\ofxBullet\src\render</Filter>
    </ClCompile>
    <ClCompile Include="..\..\..\addons\ofxBullet\src\joints\ofxBulletJoint.cpp">
      <Filter>addons\ofxBullet\src\joints</Filter>
    </ClCompile>
    <ClCompile Include="src\main.cpp">
      <Filter>src</Filter>
    </ClCompile>
    <ClCompile Include="src\ofApp.cpp">
      <Filter>src</Filter>
    </ClCompile>
    <ClCompile Include="..\..\..\addons\ofxBullet\src\joints\ofxBulletJoint.cpp">
      <Filter>addons\ofxBullet\src\joints</Filter>
    </ClCompile>
    <ClCompile Include="..\..\..\addons\ofxBullet\src\ofxBulletWorldRigid.cpp">
      <Filter>addons\ofxBullet\src</Filter>
    </ClCompile>
    <ClCompile Include="..\..\..\addons\ofxBullet\src\ofxBulletWorldSoft.cpp">
      <Filter>addons\ofxBullet\src</Filter>
    </ClCompile>
    <ClCompile Include="..\..\..\addons\ofxBullet\src\render\GLDebugDrawer.cpp">
      <Filter>addons\ofxBullet\src\render</Filter>
    </ClCompile>
    <ClCompile Include="..\..\..\addons\ofxBullet\src\shapes\ofxBulletBaseShape.cpp">
      <Filter>addons\ofxBullet\src\shapes</Filter>
    </ClCompile>
    <ClCompile Include="..\..\..\addons\ofxBullet\src\shapes\ofxBulletBox.cpp">
      <Filter>addons\ofxBullet\src\shapes</Filter>
    </ClCompile>
    <ClCompile Include="..\..\..\addons\ofxBullet\src\shapes\ofxBulletCapsule.cpp">
      <Filter>addons\ofxBullet\src\shapes</Filter>
    </ClCompile>
    <ClCompile Include="..\..\..\addons\ofxBullet\src\shapes\ofxBulletCone.cpp">
      <Filter>addons\ofxBullet\src\shapes</Filter>
    </ClCompile>
    <ClCompile Include="..\..\..\addons\ofxBullet\src\shapes\ofxBulletConvexShape.cpp">
      <Filter>addons\ofxBullet\src\shapes</Filter>
    </ClCompile>
    <ClCompile Include="..\..\..\addons\ofxBullet\src\shapes\ofxBulletCustomShape.cpp">
      <Filter>addons\ofxBullet\src\shapes</Filter>
    </ClCompile>
    <ClCompile Include="..\..\..\addons\ofxBullet\src\shapes\ofxBulletCylinder.cpp">
      <Filter>addons\ofxBullet\src\shapes</Filter>
    </ClCompile>
    <ClCompile Include="..\..\..\addons\ofxBullet\src\shapes\ofxBulletEllipsoid.cpp">
      <Filter>addons\ofxBullet\src\shapes</Filter>
    </ClCompile>
    <ClCompile Include="..\..\..\addons\ofxBullet\src\shapes\ofxBulletPatch.cpp">
      <Filter>addons\ofxBullet\src\shapes</Filter>
    </ClCompile>
    <ClCompile Include="..\..\..\addons\ofxBullet\src\shapes\ofxBulletRigidBody.cpp">
      <Filter>addons\ofxBullet\src\shapes</Filter>
    </ClCompile>
    <ClCompile Include="..\..\..\addons\ofxBullet\src\shapes\ofxBulletRope.cpp">
      <Filter>addons\ofxBullet\src\shapes</Filter>
    </ClCompile>
    <ClCompile Include="..\..\..\addons\ofxBullet\src\shapes\ofxBulletSoftBody.cpp">
      <Filter>addons\ofxBullet\src\shapes</Filter>
    </ClCompile>
    <ClCompile Include="..\..\..\addons\ofxBullet\src\shapes\ofxBulletSoftTriMesh.cpp">
      <Filter>addons\ofxBullet\src\shapes</Filter>
    </ClCompile>
    <ClCompile Include="..\..\..\addons\ofxBullet\src\shapes\ofxBulletSphere.cpp">
      <Filter>addons\ofxBullet\src\shapes</Filter>
    </ClCompile>
    <ClCompile Include="..\..\..\addons\ofxBullet\src\shapes\ofxBulletStaticPlane.cpp">
      <Filter>addons\ofxBullet\src\shapes</Filter>
    </ClCompile>
    <ClCompile Include="..\..\..\addons\ofxBullet\src\shapes\ofxBulletTriMeshShape.cpp">
      <Filter>addons\ofxBullet\src\shapes</Filter>
    </ClCompile>
    <ClCompile Include="..\..\ofxAssimpModelLoader\src\ofxAssimpAnimation.cpp">
      <Filter>addons\ofxAssimpModelLoader\src</Filter>
    </ClCompile>
    <ClCompile Include="..\..\ofxAssimpModelLoader\src\ofxAssimpMeshHelper.cpp">
      <Filter>addons\ofxAssimpModelLoader\src</Filter>
    </ClCompile>
    <ClCompile Include="..\..\ofxAssimpModelLoader\src\ofxAssimpModelLoader.cpp">
      <Filter>addons\ofxAssimpModelLoader\src</Filter>
    </ClCompile>
    <ClCompile Include="..\..\ofxAssimpModelLoader\src\ofxAssimpTexture.cpp">
      <Filter>addons\ofxAssimpModelLoader\src</Filter>
    </ClCompile>
  </ItemGroup>
  <ItemGroup>
    <Filter Include="src">
      <UniqueIdentifier>{d8376475-7454-4a24-b08a-aac121d3ad6f}</UniqueIdentifier>
    </Filter>
    <Filter Include="addons">
      <UniqueIdentifier>{99ff1d6e-74c8-4187-a726-1a91f4742e8d}</UniqueIdentifier>
    </Filter>
    <Filter Include="addons\ofxBullet">
      <UniqueIdentifier>{09a96ece-b32e-4feb-88ea-f94208fe5467}</UniqueIdentifier>
    </Filter>
    <Filter Include="addons\ofxBullet\src">
      <UniqueIdentifier>{da6e86fc-c55a-402b-b261-2fd836caae70}</UniqueIdentifier>
    </Filter>
    <Filter Include="addons\ofxBullet\src\events">
      <UniqueIdentifier>{e8889fea-b3cc-4c18-b71e-17465fe55171}</UniqueIdentifier>
    </Filter>
    <Filter Include="addons\ofxBullet\src\joints">
      <UniqueIdentifier>{0861882f-11b1-4cc4-9599-a24f9696c808}</UniqueIdentifier>
    </Filter>
    <Filter Include="addons\ofxBullet\src\render">
      <UniqueIdentifier>{e8324d24-e03e-49c7-a8bc-87b91aa9045e}</UniqueIdentifier>
    </Filter>
    <Filter Include="addons\ofxBullet\src\shapes">
      <UniqueIdentifier>{df56df09-bbd1-462a-ae35-1080fbe8d682}</UniqueIdentifier>
    </Filter>
    <Filter Include="addons\ofxAssimpModelLoader">
      <UniqueIdentifier>{3ea6ed2b-091b-4717-a522-b122962c033d}</UniqueIdentifier>
    </Filter>
    <Filter Include="addons\ofxAssimpModelLoader\src">
      <UniqueIdentifier>{9ed0f3f9-a239-4aa6-8e47-bffccd288bf5}</UniqueIdentifier>
    </Filter>
    <Filter Include="addons\ofxAssimpModelLoader\libs">
      <UniqueIdentifier>{b8644833-2342-4585-946a-949a004bbc8e}</UniqueIdentifier>
    </Filter>
    <Filter Include="addons\ofxAssimpModelLoader\libs\assimp">
      <UniqueIdentifier>{b8d52ebb-3857-4c58-a2f2-9d141779f4cc}</UniqueIdentifier>
    </Filter>
    <Filter Include="addons\ofxAssimpModelLoader\libs\assimp\include">
      <UniqueIdentifier>{986385c1-203d-4bc4-8c06-689aa56a5120}</UniqueIdentifier>
    </Filter>
    <Filter Include="addons\ofxAssimpModelLoader\libs\assimp\include\assimp">
      <UniqueIdentifier>{70b930b3-0cbc-4ba0-bb5e-91942cc00551}</UniqueIdentifier>
    </Filter>
    <Filter Include="addons\ofxAssimpModelLoader\libs\assimp\include\assimp\Compiler">
      <UniqueIdentifier>{9c8ed987-5107-46b8-9bd4-1ea5257eb091}</UniqueIdentifier>
    </Filter>
  </ItemGroup>
  <ItemGroup>
    <ClInclude Include="..\..\..\addons\ofxBullet\src\ofxBulletConstants.h">
      <Filter>addons\ofxBullet\src</Filter>
    </ClInclude>
    <ClInclude Include="..\..\..\addons\ofxBullet\src\ofxBulletUserData.h">
      <Filter>addons\ofxBullet\src</Filter>
    </ClInclude>
    <ClInclude Include="..\..\..\addons\ofxBullet\src\ofxBulletUtils.h">
      <Filter>addons\ofxBullet\src</Filter>
    </ClInclude>
    <ClInclude Include="..\..\..\addons\ofxBullet\src\ofxBulletWorldRigid.h">
      <Filter>addons\ofxBullet\src</Filter>
    </ClInclude>
    <ClInclude Include="..\..\..\addons\ofxBullet\src\ofxBullet.h">
      <Filter>addons\ofxBullet\src</Filter>
    </ClInclude>
    <ClInclude Include="..\..\..\addons\ofxBullet\src\shapes\ofxBulletConvexShape.h">
      <Filter>addons\ofxBullet\src\shapes</Filter>
    </ClInclude>
    <ClInclude Include="..\..\..\addons\ofxBullet\src\shapes\ofxBulletCustomShape.h">
      <Filter>addons\ofxBullet\src\shapes</Filter>
    </ClInclude>
    <ClInclude Include="..\..\..\addons\ofxBullet\src\shapes\ofxBulletCylinder.h">
      <Filter>addons\ofxBullet\src\shapes</Filter>
    </ClInclude>
    <ClInclude Include="..\..\..\addons\ofxBullet\src\shapes\ofxBulletSphere.h">
      <Filter>addons\ofxBullet\src\shapes</Filter>
    </ClInclude>
    <ClInclude Include="..\..\..\addons\ofxBullet\src\shapes\ofxBulletStaticPlane.h">
      <Filter>addons\ofxBullet\src\shapes</Filter>
    </ClInclude>
    <ClInclude Include="..\..\..\addons\ofxBullet\src\shapes\ofxBulletBaseShape.h">
      <Filter>addons\ofxBullet\src\shapes</Filter>
    </ClInclude>
    <ClInclude Include="..\..\..\addons\ofxBullet\src\shapes\ofxBulletBox.h">
      <Filter>addons\ofxBullet\src\shapes</Filter>
    </ClInclude>
    <ClInclude Include="..\..\..\addons\ofxBullet\src\shapes\ofxBulletCapsule.h">
      <Filter>addons\ofxBullet\src\shapes</Filter>
    </ClInclude>
    <ClInclude Include="..\..\..\addons\ofxBullet\src\shapes\ofxBulletCone.h">
      <Filter>addons\ofxBullet\src\shapes</Filter>
    </ClInclude>
    <ClInclude Include="..\..\..\addons\ofxBullet\src\render\GLDebugDrawer.h">
      <Filter>addons\ofxBullet\src\render</Filter>
    </ClInclude>
    <ClInclude Include="..\..\..\addons\ofxBullet\src\joints\ofxBulletJoint.h">
      <Filter>addons\ofxBullet\src\joints</Filter>
    </ClInclude>
    <ClInclude Include="..\..\..\addons\ofxBullet\src\events\ofxBulletMousePickEvent.h">
      <Filter>addons\ofxBullet\src\events</Filter>
    </ClInclude>
    <ClInclude Include="..\..\..\addons\ofxBullet\src\events\ofxBulletRaycastData.h">
      <Filter>addons\ofxBullet\src\events</Filter>
    </ClInclude>
    <ClInclude Include="..\..\..\addons\ofxBullet\src\events\ofxBulletCollisionData.h">
      <Filter>addons\ofxBullet\src\events</Filter>
    </ClInclude>
    <ClInclude Include="src\ofApp.h">
      <Filter>src</Filter>
    </ClInclude>
    <ClInclude Include="..\..\..\addons\ofxBullet\src\events\ofxBulletCollisionData.h">
      <Filter>addons\ofxBullet\src\events</Filter>
    </ClInclude>
    <ClInclude Include="..\..\..\addons\ofxBullet\src\events\ofxBulletMousePickEvent.h">
      <Filter>addons\ofxBullet\src\events</Filter>
    </ClInclude>
    <ClInclude Include="..\..\..\addons\ofxBullet\src\events\ofxBulletRaycastData.h">
      <Filter>addons\ofxBullet\src\events</Filter>
    </ClInclude>
    <ClInclude Include="..\..\..\addons\ofxBullet\src\joints\ofxBulletJoint.h">
      <Filter>addons\ofxBullet\src\joints</Filter>
    </ClInclude>
    <ClInclude Include="..\..\..\addons\ofxBullet\src\ofxBullet.h">
      <Filter>addons\ofxBullet\src</Filter>
    </ClInclude>
    <ClInclude Include="..\..\..\addons\ofxBullet\src\ofxBulletConstants.h">
      <Filter>addons\ofxBullet\src</Filter>
    </ClInclude>
    <ClInclude Include="..\..\..\addons\ofxBullet\src\ofxBulletUserData.h">
      <Filter>addons\ofxBullet\src</Filter>
    </ClInclude>
    <ClInclude Include="..\..\..\addons\ofxBullet\src\ofxBulletUtils.h">
      <Filter>addons\ofxBullet\src</Filter>
    </ClInclude>
    <ClInclude Include="..\..\..\addons\ofxBullet\src\ofxBulletWorldRigid.h">
      <Filter>addons\ofxBullet\src</Filter>
    </ClInclude>
    <ClInclude Include="..\..\..\addons\ofxBullet\src\ofxBulletWorldSoft.h">
      <Filter>addons\ofxBullet\src</Filter>
    </ClInclude>
    <ClInclude Include="..\..\..\addons\ofxBullet\src\render\GLDebugDrawer.h">
      <Filter>addons\ofxBullet\src\render</Filter>
    </ClInclude>
    <ClInclude Include="..\..\..\addons\ofxBullet\src\shapes\ofxBulletBaseShape.h">
      <Filter>addons\ofxBullet\src\shapes</Filter>
    </ClInclude>
    <ClInclude Include="..\..\..\addons\ofxBullet\src\shapes\ofxBulletBox.h">
      <Filter>addons\ofxBullet\src\shapes</Filter>
    </ClInclude>
    <ClInclude Include="..\..\..\addons\ofxBullet\src\shapes\ofxBulletCapsule.h">
      <Filter>addons\ofxBullet\src\shapes</Filter>
    </ClInclude>
    <ClInclude Include="..\..\..\addons\ofxBullet\src\shapes\ofxBulletCone.h">
      <Filter>addons\ofxBullet\src\shapes</Filter>
    </ClInclude>
    <ClInclude Include="..\..\..\addons\ofxBullet\src\shapes\ofxBulletConvexShape.h">
      <Filter>addons\ofxBullet\src\shapes</Filter>
    </ClInclude>
    <ClInclude Include="..\..\..\addons\ofxBullet\src\shapes\ofxBulletCustomShape.h">
      <Filter>addons\ofxBullet\src\shapes</Filter>
    </ClInclude>
    <ClInclude Include="..\..\..\addons\ofxBullet\src\shapes\ofxBulletCylinder.h">
      <Filter>addons\ofxBullet\src\shapes</Filter>
    </ClInclude>
    <ClInclude Include="..\..\..\addons\ofxBullet\src\shapes\ofxBulletEllipsoid.h">
      <Filter>addons\ofxBullet\src\shapes</Filter>
    </ClInclude>
    <ClInclude Include="..\..\..\addons\ofxBullet\src\shapes\ofxBulletPatch.h">
      <Filter>addons\ofxBullet\src\shapes</Filter>
    </ClInclude>
    <ClInclude Include="..\..\..\addons\ofxBullet\src\shapes\ofxBulletRigidBody.h">
      <Filter>addons\ofxBullet\src\shapes</Filter>
    </ClInclude>
    <ClInclude Include="..\..\..\addons\ofxBullet\src\shapes\ofxBulletRope.h">
      <Filter>addons\ofxBullet\src\shapes</Filter>
    </ClInclude>
    <ClInclude Include="..\..\..\addons\ofxBullet\src\shapes\ofxBulletSoftBody.h">
      <Filter>addons\ofxBullet\src\shapes</Filter>
    </ClInclude>
    <ClInclude Include="..\..\..\addons\ofxBullet\src\shapes\ofxBulletSoftTriMesh.h">
      <Filter>addons\ofxBullet\src\shapes</Filter>
    </ClInclude>
    <ClInclude Include="..\..\..\addons\ofxBullet\src\shapes\ofxBulletSphere.h">
      <Filter>addons\ofxBullet\src\shapes</Filter>
    </ClInclude>
    <ClInclude Include="..\..\..\addons\ofxBullet\src\shapes\ofxBulletStaticPlane.h">
      <Filter>addons\ofxBullet\src\shapes</Filter>
    </ClInclude>
    <ClInclude Include="..\..\..\addons\ofxBullet\src\shapes\ofxBulletTriMeshShape.h">
      <Filter>addons\ofxBullet\src\shapes</Filter>
    </ClInclude>
    <ClInclude Include="..\..\ofxAssimpModelLoader\src\ofxAssimpAnimation.h">
      <Filter>addons\ofxAssimpModelLoader\src</Filter>
    </ClInclude>
    <ClInclude Include="..\..\ofxAssimpModelLoader\src\ofxAssimpMeshHelper.h">
      <Filter>addons\ofxAssimpModelLoader\src</Filter>
    </ClInclude>
    <ClInclude Include="..\..\ofxAssimpModelLoader\src\ofxAssimpModelLoader.h">
      <Filter>addons\ofxAssimpModelLoader\src</Filter>
    </ClInclude>
    <ClInclude Include="..\..\ofxAssimpModelLoader\src\ofxAssimpTexture.h">
      <Filter>addons\ofxAssimpModelLoader\src</Filter>
    </ClInclude>
    <ClInclude Include="..\..\ofxAssimpModelLoader\src\ofxAssimpUtils.h">
      <Filter>addons\ofxAssimpModelLoader\src</Filter>
    </ClInclude>
    <ClInclude Include="..\..\ofxAssimpModelLoader\libs\assimp\include\assimp\Compiler\poppack1.h">
      <Filter>addons\ofxAssimpModelLoader\libs\assimp\include\assimp\Compiler</Filter>
    </ClInclude>
    <ClInclude Include="..\..\ofxAssimpModelLoader\libs\assimp\include\assimp\Compiler\pstdint.h">
      <Filter>addons\ofxAssimpModelLoader\libs\assimp\include\assimp\Compiler</Filter>
    </ClInclude>
    <ClInclude Include="..\..\ofxAssimpModelLoader\libs\assimp\include\assimp\Compiler\pushpack1.h">
      <Filter>addons\ofxAssimpModelLoader\libs\assimp\include\assimp\Compiler</Filter>
    </ClInclude>
    <ClInclude Include="..\..\ofxAssimpModelLoader\libs\assimp\include\assimp\types.h">
      <Filter>addons\ofxAssimpModelLoader\libs\assimp\include\assimp</Filter>
    </ClInclude>
    <ClInclude Include="..\..\ofxAssimpModelLoader\libs\assimp\include\assimp\vector2.h">
      <Filter>addons\ofxAssimpModelLoader\libs\assimp\include\assimp</Filter>
    </ClInclude>
    <ClInclude Include="..\..\ofxAssimpModelLoader\libs\assimp\include\assimp\vector3.h">
      <Filter>addons\ofxAssimpModelLoader\libs\assimp\include\assimp</Filter>
    </ClInclude>
    <ClInclude Include="..\..\ofxAssimpModelLoader\libs\assimp\include\assimp\version.h">
      <Filter>addons\ofxAssimpModelLoader\libs\assimp\include\assimp</Filter>
    </ClInclude>
    <ClInclude Include="..\..\ofxAssimpModelLoader\libs\assimp\include\assimp\ai_assert.h">
      <Filter>addons\ofxAssimpModelLoader\libs\assimp\include\assimp</Filter>
    </ClInclude>
    <ClInclude Include="..\..\ofxAssimpModelLoader\libs\assimp\include\assimp\anim.h">
      <Filter>addons\ofxAssimpModelLoader\libs\assimp\include\assimp</Filter>
    </ClInclude>
    <ClInclude Include="..\..\ofxAssimpModelLoader\libs\assimp\include\assimp\camera.h">
      <Filter>addons\ofxAssimpModelLoader\libs\assimp\include\assimp</Filter>
    </ClInclude>
    <ClInclude Include="..\..\ofxAssimpModelLoader\libs\assimp\include\assimp\cexport.h">
      <Filter>addons\ofxAssimpModelLoader\libs\assimp\include\assimp</Filter>
    </ClInclude>
    <ClInclude Include="..\..\ofxAssimpModelLoader\libs\assimp\include\assimp\cfileio.h">
      <Filter>addons\ofxAssimpModelLoader\libs\assimp\include\assimp</Filter>
    </ClInclude>
    <ClInclude Include="..\..\ofxAssimpModelLoader\libs\assimp\include\assimp\cimport.h">
      <Filter>addons\ofxAssimpModelLoader\libs\assimp\include\assimp</Filter>
    </ClInclude>
    <ClInclude Include="..\..\ofxAssimpModelLoader\libs\assimp\include\assimp\color4.h">
      <Filter>addons\ofxAssimpModelLoader\libs\assimp\include\assimp</Filter>
    </ClInclude>
    <ClInclude Include="..\..\ofxAssimpModelLoader\libs\assimp\include\assimp\config.h">
      <Filter>addons\ofxAssimpModelLoader\libs\assimp\include\assimp</Filter>
    </ClInclude>
    <ClInclude Include="..\..\ofxAssimpModelLoader\libs\assimp\include\assimp\DefaultLogger.hpp">
      <Filter>addons\ofxAssimpModelLoader\libs\assimp\include\assimp</Filter>
    </ClInclude>
    <ClInclude Include="..\..\ofxAssimpModelLoader\libs\assimp\include\assimp\defs.h">
      <Filter>addons\ofxAssimpModelLoader\libs\assimp\include\assimp</Filter>
    </ClInclude>
    <ClInclude Include="..\..\ofxAssimpModelLoader\libs\assimp\include\assimp\Exporter.hpp">
      <Filter>addons\ofxAssimpModelLoader\libs\assimp\include\assimp</Filter>
    </ClInclude>
    <ClInclude Include="..\..\ofxAssimpModelLoader\libs\assimp\include\assimp\Importer.hpp">
      <Filter>addons\ofxAssimpModelLoader\libs\assimp\include\assimp</Filter>
    </ClInclude>
    <ClInclude Include="..\..\ofxAssimpModelLoader\libs\assimp\include\assimp\importerdesc.h">
      <Filter>addons\ofxAssimpModelLoader\libs\assimp\include\assimp</Filter>
    </ClInclude>
    <ClInclude Include="..\..\ofxAssimpModelLoader\libs\assimp\include\assimp\IOStream.hpp">
      <Filter>addons\ofxAssimpModelLoader\libs\assimp\include\assimp</Filter>
    </ClInclude>
    <ClInclude Include="..\..\ofxAssimpModelLoader\libs\assimp\include\assimp\IOSystem.hpp">
      <Filter>addons\ofxAssimpModelLoader\libs\assimp\include\assimp</Filter>
    </ClInclude>
    <ClInclude Include="..\..\ofxAssimpModelLoader\libs\assimp\include\assimp\light.h">
      <Filter>addons\ofxAssimpModelLoader\libs\assimp\include\assimp</Filter>
    </ClInclude>
    <ClInclude Include="..\..\ofxAssimpModelLoader\libs\assimp\include\assimp\Logger.hpp">
      <Filter>addons\ofxAssimpModelLoader\libs\assimp\include\assimp</Filter>
    </ClInclude>
    <ClInclude Include="..\..\ofxAssimpModelLoader\libs\assimp\include\assimp\LogStream.hpp">
      <Filter>addons\ofxAssimpModelLoader\libs\assimp\include\assimp</Filter>
    </ClInclude>
    <ClInclude Include="..\..\ofxAssimpModelLoader\libs\assimp\include\assimp\material.h">
      <Filter>addons\ofxAssimpModelLoader\libs\assimp\include\assimp</Filter>
    </ClInclude>
    <ClInclude Include="..\..\ofxAssimpModelLoader\libs\assimp\include\assimp\matrix3x3.h">
      <Filter>addons\ofxAssimpModelLoader\libs\assimp\include\assimp</Filter>
    </ClInclude>
    <ClInclude Include="..\..\ofxAssimpModelLoader\libs\assimp\include\assimp\matrix4x4.h">
      <Filter>addons\ofxAssimpModelLoader\libs\assimp\include\assimp</Filter>
    </ClInclude>
    <ClInclude Include="..\..\ofxAssimpModelLoader\libs\assimp\include\assimp\mesh.h">
      <Filter>addons\ofxAssimpModelLoader\libs\assimp\include\assimp</Filter>
    </ClInclude>
    <ClInclude Include="..\..\ofxAssimpModelLoader\libs\assimp\include\assimp\metadata.h">
      <Filter>addons\ofxAssimpModelLoader\libs\assimp\include\assimp</Filter>
    </ClInclude>
    <ClInclude Include="..\..\ofxAssimpModelLoader\libs\assimp\include\assimp\NullLogger.hpp">
      <Filter>addons\ofxAssimpModelLoader\libs\assimp\include\assimp</Filter>
    </ClInclude>
    <ClInclude Include="..\..\ofxAssimpModelLoader\libs\assimp\include\assimp\postprocess.h">
      <Filter>addons\ofxAssimpModelLoader\libs\assimp\include\assimp</Filter>
    </ClInclude>
    <ClInclude Include="..\..\ofxAssimpModelLoader\libs\assimp\include\assimp\ProgressHandler.hpp">
      <Filter>addons\ofxAssimpModelLoader\libs\assimp\include\assimp</Filter>
    </ClInclude>
    <ClInclude Include="..\..\ofxAssimpModelLoader\libs\assimp\include\assimp\quaternion.h">
      <Filter>addons\ofxAssimpModelLoader\libs\assimp\include\assimp</Filter>
    </ClInclude>
    <ClInclude Include="..\..\ofxAssimpModelLoader\libs\assimp\include\assimp\scene.h">
      <Filter>addons\ofxAssimpModelLoader\libs\assimp\include\assimp</Filter>
    </ClInclude>
    <ClInclude Include="..\..\ofxAssimpModelLoader\libs\assimp\include\assimp\texture.h">
      <Filter>addons\ofxAssimpModelLoader\libs\assimp\include\assimp</Filter>
    </ClInclude>
  </ItemGroup>
  <ItemGroup>
    <ResourceCompile Include="icon.rc" />
  </ItemGroup>
  <ItemGroup>
    <None Include="..\..\ofxAssimpModelLoader\libs\assimp\include\assimp\vector2.inl">
      <Filter>addons\ofxAssimpModelLoader\libs\assimp\include\assimp</Filter>
    </None>
    <None Include="..\..\ofxAssimpModelLoader\libs\assimp\include\assimp\vector3.inl">
      <Filter>addons\ofxAssimpModelLoader\libs\assimp\include\assimp</Filter>
    </None>
    <None Include="..\..\ofxAssimpModelLoader\libs\assimp\include\assimp\color4.inl">
      <Filter>addons\ofxAssimpModelLoader\libs\assimp\include\assimp</Filter>
    </None>
    <None Include="..\..\ofxAssimpModelLoader\libs\assimp\include\assimp\material.inl">
      <Filter>addons\ofxAssimpModelLoader\libs\assimp\include\assimp</Filter>
    </None>
    <None Include="..\..\ofxAssimpModelLoader\libs\assimp\include\assimp\matrix3x3.inl">
      <Filter>addons\ofxAssimpModelLoader\libs\assimp\include\assimp</Filter>
    </None>
    <None Include="..\..\ofxAssimpModelLoader\libs\assimp\include\assimp\matrix4x4.inl">
      <Filter>addons\ofxAssimpModelLoader\libs\assimp\include\assimp</Filter>
    </None>
    <None Include="..\..\ofxAssimpModelLoader\libs\assimp\include\assimp\quaternion.inl">
      <Filter>addons\ofxAssimpModelLoader\libs\assimp\include\assimp</Filter>
    </None>
  </ItemGroup>
</Project>