// !$*UTF8*$!
{
	archiveVersion = 1;
	classes = {
	};
	objectVersion = 46;
	objects = {

/* Begin PBXBuildFile section */
		2E6A436F1B438A53002830D0 /* ofxBulletJoint.cpp in Sources */ = {isa = PBXBuildFile; fileRef = 2E6A43431B438A53002830D0 /* ofxBulletJoint.cpp */; };
		2E6A43701B438A53002830D0 /* ofxBulletWorldRigid.cpp in Sources */ = {isa = PBXBuildFile; fileRef = 2E6A43491B438A53002830D0 /* ofxBulletWorldRigid.cpp */; };
		2E6A43721B438A53002830D0 /* GLDebugDrawer.cpp in Sources */ = {isa = PBXBuildFile; fileRef = 2E6A434E1B438A53002830D0 /* GLDebugDrawer.cpp */; };
		2E6A43731B438A53002830D0 /* ofxBulletBaseShape.cpp in Sources */ = {isa = PBXBuildFile; fileRef = 2E6A43511B438A53002830D0 /* ofxBulletBaseShape.cpp */; };
		2E6A43741B438A53002830D0 /* ofxBulletBox.cpp in Sources */ = {isa = PBXBuildFile; fileRef = 2E6A43531B438A53002830D0 /* ofxBulletBox.cpp */; };
		2E6A43751B438A53002830D0 /* ofxBulletCapsule.cpp in Sources */ = {isa = PBXBuildFile; fileRef = 2E6A43551B438A53002830D0 /* ofxBulletCapsule.cpp */; };
		2E6A43761B438A53002830D0 /* ofxBulletCone.cpp in Sources */ = {isa = PBXBuildFile; fileRef = 2E6A43571B438A53002830D0 /* ofxBulletCone.cpp */; };
		2E6A43771B438A53002830D0 /* ofxBulletConvexShape.cpp in Sources */ = {isa = PBXBuildFile; fileRef = 2E6A43591B438A53002830D0 /* ofxBulletConvexShape.cpp */; };
		2E6A43781B438A53002830D0 /* ofxBulletCustomShape.cpp in Sources */ = {isa = PBXBuildFile; fileRef = 2E6A435B1B438A53002830D0 /* ofxBulletCustomShape.cpp */; };
		2E6A43791B438A53002830D0 /* ofxBulletCylinder.cpp in Sources */ = {isa = PBXBuildFile; fileRef = 2E6A435D1B438A53002830D0 /* ofxBulletCylinder.cpp */; };
		2E6A437A1B438A53002830D0 /* ofxBulletEllipsoid.cpp in Sources */ = {isa = PBXBuildFile; fileRef = 2E6A435F1B438A53002830D0 /* ofxBulletEllipsoid.cpp */; };
		2E6A437B1B438A53002830D0 /* ofxBulletPatch.cpp in Sources */ = {isa = PBXBuildFile; fileRef = 2E6A43611B438A53002830D0 /* ofxBulletPatch.cpp */; };
		2E6A437C1B438A53002830D0 /* ofxBulletRigidBody.cpp in Sources */ = {isa = PBXBuildFile; fileRef = 2E6A43631B438A53002830D0 /* ofxBulletRigidBody.cpp */; };
		2E6A437D1B438A53002830D0 /* ofxBulletRope.cpp in Sources */ = {isa = PBXBuildFile; fileRef = 2E6A43651B438A53002830D0 /* ofxBulletRope.cpp */; };
		2E6A437E1B438A53002830D0 /* ofxBulletSoftBody.cpp in Sources */ = {isa = PBXBuildFile; fileRef = 2E6A43671B438A53002830D0 /* ofxBulletSoftBody.cpp */; };
		2E6A437F1B438A53002830D0 /* ofxBulletSphere.cpp in Sources */ = {isa = PBXBuildFile; fileRef = 2E6A43691B438A53002830D0 /* ofxBulletSphere.cpp */; };
		2E6A43801B438A53002830D0 /* ofxBulletStaticPlane.cpp in Sources */ = {isa = PBXBuildFile; fileRef = 2E6A436B1B438A53002830D0 /* ofxBulletStaticPlane.cpp */; };
		2E6A43811B438A53002830D0 /* ofxBulletTriMeshShape.cpp in Sources */ = {isa = PBXBuildFile; fileRef = 2E6A436D1B438A53002830D0 /* ofxBulletTriMeshShape.cpp */; };
		2E6A43841B438AA5002830D0 /* ofxBulletWorldSoft.cpp in Sources */ = {isa = PBXBuildFile; fileRef = 2E6A43831B438AA5002830D0 /* ofxBulletWorldSoft.cpp */; };
		BBAB23CB13894F3D00AA2426 /* GLUT.framework in CopyFiles */ = {isa = PBXBuildFile; fileRef = BBAB23BE13894E4700AA2426 /* GLUT.framework */; };
		E4328149138ABC9F0047C5CB /* openFrameworksDebug.a in Frameworks */ = {isa = PBXBuildFile; fileRef = E4328148138ABC890047C5CB /* openFrameworksDebug.a */; };
		E45BE97B0E8CC7DD009D7055 /* AGL.framework in Frameworks */ = {isa = PBXBuildFile; fileRef = E45BE9710E8CC7DD009D7055 /* AGL.framework */; };
		E45BE97C0E8CC7DD009D7055 /* ApplicationServices.framework in Frameworks */ = {isa = PBXBuildFile; fileRef = E45BE9720E8CC7DD009D7055 /* ApplicationServices.framework */; };
		E45BE97D0E8CC7DD009D7055 /* AudioToolbox.framework in Frameworks */ = {isa = PBXBuildFile; fileRef = E45BE9730E8CC7DD009D7055 /* AudioToolbox.framework */; };
		E45BE97E0E8CC7DD009D7055 /* Carbon.framework in Frameworks */ = {isa = PBXBuildFile; fileRef = E45BE9740E8CC7DD009D7055 /* Carbon.framework */; };
		E45BE97F0E8CC7DD009D7055 /* CoreAudio.framework in Frameworks */ = {isa = PBXBuildFile; fileRef = E45BE9750E8CC7DD009D7055 /* CoreAudio.framework */; };
		E45BE9800E8CC7DD009D7055 /* CoreFoundation.framework in Frameworks */ = {isa = PBXBuildFile; fileRef = E45BE9760E8CC7DD009D7055 /* CoreFoundation.framework */; };
		E45BE9810E8CC7DD009D7055 /* CoreServices.framework in Frameworks */ = {isa = PBXBuildFile; fileRef = E45BE9770E8CC7DD009D7055 /* CoreServices.framework */; };
		E45BE9830E8CC7DD009D7055 /* OpenGL.framework in Frameworks */ = {isa = PBXBuildFile; fileRef = E45BE9790E8CC7DD009D7055 /* OpenGL.framework */; };
		E45BE9840E8CC7DD009D7055 /* QuickTime.framework in Frameworks */ = {isa = PBXBuildFile; fileRef = E45BE97A0E8CC7DD009D7055 /* QuickTime.framework */; };
		E4B69E200A3A1BDC003C02F2 /* main.cpp in Sources */ = {isa = PBXBuildFile; fileRef = E4B69E1D0A3A1BDC003C02F2 /* main.cpp */; };
		E4B69E210A3A1BDC003C02F2 /* ofApp.cpp in Sources */ = {isa = PBXBuildFile; fileRef = E4B69E1E0A3A1BDC003C02F2 /* ofApp.cpp */; };
		E4C2424710CC5A17004149E2 /* AppKit.framework in Frameworks */ = {isa = PBXBuildFile; fileRef = E4C2424410CC5A17004149E2 /* AppKit.framework */; };
		E4C2424810CC5A17004149E2 /* Cocoa.framework in Frameworks */ = {isa = PBXBuildFile; fileRef = E4C2424510CC5A17004149E2 /* Cocoa.framework */; };
		E4C2424910CC5A17004149E2 /* IOKit.framework in Frameworks */ = {isa = PBXBuildFile; fileRef = E4C2424610CC5A17004149E2 /* IOKit.framework */; };
		E4EB6799138ADC1D00A09F29 /* GLUT.framework in Frameworks */ = {isa = PBXBuildFile; fileRef = BBAB23BE13894E4700AA2426 /* GLUT.framework */; };
		E7E077E515D3B63C0020DFD4 /* CoreVideo.framework in Frameworks */ = {isa = PBXBuildFile; fileRef = E7E077E415D3B63C0020DFD4 /* CoreVideo.framework */; };
		E7E077E815D3B6510020DFD4 /* QTKit.framework in Frameworks */ = {isa = PBXBuildFile; fileRef = E7E077E715D3B6510020DFD4 /* QTKit.framework */; };
		E7F985F815E0DEA3003869B5 /* Accelerate.framework in Frameworks */ = {isa = PBXBuildFile; fileRef = E7F985F515E0DE99003869B5 /* Accelerate.framework */; };
/* End PBXBuildFile section */

/* Begin PBXContainerItemProxy section */
		E4328147138ABC890047C5CB /* PBXContainerItemProxy */ = {
			isa = PBXContainerItemProxy;
			containerPortal = E4328143138ABC890047C5CB /* openFrameworksLib.xcodeproj */;
			proxyType = 2;
			remoteGlobalIDString = E4B27C1510CBEB8E00536013;
			remoteInfo = openFrameworks;
		};
		E4EEB9AB138B136A00A80321 /* PBXContainerItemProxy */ = {
			isa = PBXContainerItemProxy;
			containerPortal = E4328143138ABC890047C5CB /* openFrameworksLib.xcodeproj */;
			proxyType = 1;
			remoteGlobalIDString = E4B27C1410CBEB8E00536013;
			remoteInfo = openFrameworks;
		};
/* End PBXContainerItemProxy section */

/* Begin PBXCopyFilesBuildPhase section */
		E4C2427710CC5ABF004149E2 /* CopyFiles */ = {
			isa = PBXCopyFilesBuildPhase;
			buildActionMask = 2147483647;
			dstPath = "";
			dstSubfolderSpec = 10;
			files = (
				BBAB23CB13894F3D00AA2426 /* GLUT.framework in CopyFiles */,
			);
			runOnlyForDeploymentPostprocessing = 0;
		};
/* End PBXCopyFilesBuildPhase section */

/* Begin PBXFileReference section */
		2E6A433F1B438A53002830D0 /* ofxBulletCollisionData.h */ = {isa = PBXFileReference; fileEncoding = 4; lastKnownFileType = sourcecode.c.h; path = ofxBulletCollisionData.h; sourceTree = "<group>"; };
		2E6A43401B438A53002830D0 /* ofxBulletMousePickEvent.h */ = {isa = PBXFileReference; fileEncoding = 4; lastKnownFileType = sourcecode.c.h; path = ofxBulletMousePickEvent.h; sourceTree = "<group>"; };
		2E6A43411B438A53002830D0 /* ofxBulletRaycastData.h */ = {isa = PBXFileReference; fileEncoding = 4; lastKnownFileType = sourcecode.c.h; path = ofxBulletRaycastData.h; sourceTree = "<group>"; };
		2E6A43431B438A53002830D0 /* ofxBulletJoint.cpp */ = {isa = PBXFileReference; fileEncoding = 4; lastKnownFileType = sourcecode.cpp.cpp; path = ofxBulletJoint.cpp; sourceTree = "<group>"; };
		2E6A43441B438A53002830D0 /* ofxBulletJoint.h */ = {isa = PBXFileReference; fileEncoding = 4; lastKnownFileType = sourcecode.c.h; path = ofxBulletJoint.h; sourceTree = "<group>"; };
		2E6A43451B438A53002830D0 /* ofxBullet.h */ = {isa = PBXFileReference; fileEncoding = 4; lastKnownFileType = sourcecode.c.h; path = ofxBullet.h; sourceTree = "<group>"; };
		2E6A43461B438A53002830D0 /* ofxBulletConstants.h */ = {isa = PBXFileReference; fileEncoding = 4; lastKnownFileType = sourcecode.c.h; path = ofxBulletConstants.h; sourceTree = "<group>"; };
		2E6A43471B438A53002830D0 /* ofxBulletUserData.h */ = {isa = PBXFileReference; fileEncoding = 4; lastKnownFileType = sourcecode.c.h; path = ofxBulletUserData.h; sourceTree = "<group>"; };
		2E6A43481B438A53002830D0 /* ofxBulletUtils.h */ = {isa = PBXFileReference; fileEncoding = 4; lastKnownFileType = sourcecode.c.h; path = ofxBulletUtils.h; sourceTree = "<group>"; };
		2E6A43491B438A53002830D0 /* ofxBulletWorldRigid.cpp */ = {isa = PBXFileReference; fileEncoding = 4; lastKnownFileType = sourcecode.cpp.cpp; path = ofxBulletWorldRigid.cpp; sourceTree = "<group>"; };
		2E6A434A1B438A53002830D0 /* ofxBulletWorldRigid.h */ = {isa = PBXFileReference; fileEncoding = 4; lastKnownFileType = sourcecode.c.h; path = ofxBulletWorldRigid.h; sourceTree = "<group>"; };
		2E6A434C1B438A53002830D0 /* ofxBulletWorldSoft.h */ = {isa = PBXFileReference; fileEncoding = 4; lastKnownFileType = sourcecode.c.h; path = ofxBulletWorldSoft.h; sourceTree = "<group>"; };
		2E6A434E1B438A53002830D0 /* GLDebugDrawer.cpp */ = {isa = PBXFileReference; fileEncoding = 4; lastKnownFileType = sourcecode.cpp.cpp; path = GLDebugDrawer.cpp; sourceTree = "<group>"; };
		2E6A434F1B438A53002830D0 /* GLDebugDrawer.h */ = {isa = PBXFileReference; fileEncoding = 4; lastKnownFileType = sourcecode.c.h; path = GLDebugDrawer.h; sourceTree = "<group>"; };
		2E6A43511B438A53002830D0 /* ofxBulletBaseShape.cpp */ = {isa = PBXFileReference; fileEncoding = 4; lastKnownFileType = sourcecode.cpp.cpp; path = ofxBulletBaseShape.cpp; sourceTree = "<group>"; };
		2E6A43521B438A53002830D0 /* ofxBulletBaseShape.h */ = {isa = PBXFileReference; fileEncoding = 4; lastKnownFileType = sourcecode.c.h; path = ofxBulletBaseShape.h; sourceTree = "<group>"; };
		2E6A43531B438A53002830D0 /* ofxBulletBox.cpp */ = {isa = PBXFileReference; fileEncoding = 4; lastKnownFileType = sourcecode.cpp.cpp; path = ofxBulletBox.cpp; sourceTree = "<group>"; };
		2E6A43541B438A53002830D0 /* ofxBulletBox.h */ = {isa = PBXFileReference; fileEncoding = 4; lastKnownFileType = sourcecode.c.h; path = ofxBulletBox.h; sourceTree = "<group>"; };
		2E6A43551B438A53002830D0 /* ofxBulletCapsule.cpp */ = {isa = PBXFileReference; fileEncoding = 4; lastKnownFileType = sourcecode.cpp.cpp; path = ofxBulletCapsule.cpp; sourceTree = "<group>"; };
		2E6A43561B438A53002830D0 /* ofxBulletCapsule.h */ = {isa = PBXFileReference; fileEncoding = 4; lastKnownFileType = sourcecode.c.h; path = ofxBulletCapsule.h; sourceTree = "<group>"; };
		2E6A43571B438A53002830D0 /* ofxBulletCone.cpp */ = {isa = PBXFileReference; fileEncoding = 4; lastKnownFileType = sourcecode.cpp.cpp; path = ofxBulletCone.cpp; sourceTree = "<group>"; };
		2E6A43581B438A53002830D0 /* ofxBulletCone.h */ = {isa = PBXFileReference; fileEncoding = 4; lastKnownFileType = sourcecode.c.h; path = ofxBulletCone.h; sourceTree = "<group>"; };
		2E6A43591B438A53002830D0 /* ofxBulletConvexShape.cpp */ = {isa = PBXFileReference; fileEncoding = 4; lastKnownFileType = sourcecode.cpp.cpp; path = ofxBulletConvexShape.cpp; sourceTree = "<group>"; };
		2E6A435A1B438A53002830D0 /* ofxBulletConvexShape.h */ = {isa = PBXFileReference; fileEncoding = 4; lastKnownFileType = sourcecode.c.h; path = ofxBulletConvexShape.h; sourceTree = "<group>"; };
		2E6A435B1B438A53002830D0 /* ofxBulletCustomShape.cpp */ = {isa = PBXFileReference; fileEncoding = 4; lastKnownFileType = sourcecode.cpp.cpp; path = ofxBulletCustomShape.cpp; sourceTree = "<group>"; };
		2E6A435C1B438A53002830D0 /* ofxBulletCustomShape.h */ = {isa = PBXFileReference; fileEncoding = 4; lastKnownFileType = sourcecode.c.h; path = ofxBulletCustomShape.h; sourceTree = "<group>"; };
		2E6A435D1B438A53002830D0 /* ofxBulletCylinder.cpp */ = {isa = PBXFileReference; fileEncoding = 4; lastKnownFileType = sourcecode.cpp.cpp; path = ofxBulletCylinder.cpp; sourceTree = "<group>"; };
		2E6A435E1B438A53002830D0 /* ofxBulletCylinder.h */ = {isa = PBXFileReference; fileEncoding = 4; lastKnownFileType = sourcecode.c.h; path = ofxBulletCylinder.h; sourceTree = "<group>"; };
		2E6A435F1B438A53002830D0 /* ofxBulletEllipsoid.cpp */ = {isa = PBXFileReference; fileEncoding = 4; lastKnownFileType = sourcecode.cpp.cpp; path = ofxBulletEllipsoid.cpp; sourceTree = "<group>"; };
		2E6A43601B438A53002830D0 /* ofxBulletEllipsoid.h */ = {isa = PBXFileReference; fileEncoding = 4; lastKnownFileType = sourcecode.c.h; path = ofxBulletEllipsoid.h; sourceTree = "<group>"; };
		2E6A43611B438A53002830D0 /* ofxBulletPatch.cpp */ = {isa = PBXFileReference; fileEncoding = 4; lastKnownFileType = sourcecode.cpp.cpp; path = ofxBulletPatch.cpp; sourceTree = "<group>"; };
		2E6A43621B438A53002830D0 /* ofxBulletPatch.h */ = {isa = PBXFileReference; fileEncoding = 4; lastKnownFileType = sourcecode.c.h; path = ofxBulletPatch.h; sourceTree = "<group>"; };
		2E6A43631B438A53002830D0 /* ofxBulletRigidBody.cpp */ = {isa = PBXFileReference; fileEncoding = 4; lastKnownFileType = sourcecode.cpp.cpp; path = ofxBulletRigidBody.cpp; sourceTree = "<group>"; };
		2E6A43641B438A53002830D0 /* ofxBulletRigidBody.h */ = {isa = PBXFileReference; fileEncoding = 4; lastKnownFileType = sourcecode.c.h; path = ofxBulletRigidBody.h; sourceTree = "<group>"; };
		2E6A43651B438A53002830D0 /* ofxBulletRope.cpp */ = {isa = PBXFileReference; fileEncoding = 4; lastKnownFileType = sourcecode.cpp.cpp; path = ofxBulletRope.cpp; sourceTree = "<group>"; };
		2E6A43661B438A53002830D0 /* ofxBulletRope.h */ = {isa = PBXFileReference; fileEncoding = 4; lastKnownFileType = sourcecode.c.h; path = ofxBulletRope.h; sourceTree = "<group>"; };
		2E6A43671B438A53002830D0 /* ofxBulletSoftBody.cpp */ = {isa = PBXFileReference; fileEncoding = 4; lastKnownFileType = sourcecode.cpp.cpp; path = ofxBulletSoftBody.cpp; sourceTree = "<group>"; };
		2E6A43681B438A53002830D0 /* ofxBulletSoftBody.h */ = {isa = PBXFileReference; fileEncoding = 4; lastKnownFileType = sourcecode.c.h; path = ofxBulletSoftBody.h; sourceTree = "<group>"; };
		2E6A43691B438A53002830D0 /* ofxBulletSphere.cpp */ = {isa = PBXFileReference; fileEncoding = 4; lastKnownFileType = sourcecode.cpp.cpp; path = ofxBulletSphere.cpp; sourceTree = "<group>"; };
		2E6A436A1B438A53002830D0 /* ofxBulletSphere.h */ = {isa = PBXFileReference; fileEncoding = 4; lastKnownFileType = sourcecode.c.h; path = ofxBulletSphere.h; sourceTree = "<group>"; };
		2E6A436B1B438A53002830D0 /* ofxBulletStaticPlane.cpp */ = {isa = PBXFileReference; fileEncoding = 4; lastKnownFileType = sourcecode.cpp.cpp; path = ofxBulletStaticPlane.cpp; sourceTree = "<group>"; };
		2E6A436C1B438A53002830D0 /* ofxBulletStaticPlane.h */ = {isa = PBXFileReference; fileEncoding = 4; lastKnownFileType = sourcecode.c.h; path = ofxBulletStaticPlane.h; sourceTree = "<group>"; };
		2E6A436D1B438A53002830D0 /* ofxBulletTriMeshShape.cpp */ = {isa = PBXFileReference; fileEncoding = 4; lastKnownFileType = sourcecode.cpp.cpp; path = ofxBulletTriMeshShape.cpp; sourceTree = "<group>"; };
		2E6A436E1B438A53002830D0 /* ofxBulletTriMeshShape.h */ = {isa = PBXFileReference; fileEncoding = 4; lastKnownFileType = sourcecode.c.h; path = ofxBulletTriMeshShape.h; sourceTree = "<group>"; };
		2E6A43831B438AA5002830D0 /* ofxBulletWorldSoft.cpp */ = {isa = PBXFileReference; fileEncoding = 4; lastKnownFileType = sourcecode.cpp.cpp; path = ofxBulletWorldSoft.cpp; sourceTree = "<group>"; };
		BBAB23BE13894E4700AA2426 /* GLUT.framework */ = {isa = PBXFileReference; lastKnownFileType = wrapper.framework; name = GLUT.framework; path = ../../../libs/glut/lib/osx/GLUT.framework; sourceTree = "<group>"; };
		E4328143138ABC890047C5CB /* openFrameworksLib.xcodeproj */ = {isa = PBXFileReference; lastKnownFileType = "wrapper.pb-project"; name = openFrameworksLib.xcodeproj; path = ../../../libs/openFrameworksCompiled/project/osx/openFrameworksLib.xcodeproj; sourceTree = SOURCE_ROOT; };
		E45BE9710E8CC7DD009D7055 /* AGL.framework */ = {isa = PBXFileReference; lastKnownFileType = wrapper.framework; name = AGL.framework; path = /System/Library/Frameworks/AGL.framework; sourceTree = "<absolute>"; };
		E45BE9720E8CC7DD009D7055 /* ApplicationServices.framework */ = {isa = PBXFileReference; lastKnownFileType = wrapper.framework; name = ApplicationServices.framework; path = /System/Library/Frameworks/ApplicationServices.framework; sourceTree = "<absolute>"; };
		E45BE9730E8CC7DD009D7055 /* AudioToolbox.framework */ = {isa = PBXFileReference; lastKnownFileType = wrapper.framework; name = AudioToolbox.framework; path = /System/Library/Frameworks/AudioToolbox.framework; sourceTree = "<absolute>"; };
		E45BE9740E8CC7DD009D7055 /* Carbon.framework */ = {isa = PBXFileReference; lastKnownFileType = wrapper.framework; name = Carbon.framework; path = /System/Library/Frameworks/Carbon.framework; sourceTree = "<absolute>"; };
		E45BE9750E8CC7DD009D7055 /* CoreAudio.framework */ = {isa = PBXFileReference; lastKnownFileType = wrapper.framework; name = CoreAudio.framework; path = /System/Library/Frameworks/CoreAudio.framework; sourceTree = "<absolute>"; };
		E45BE9760E8CC7DD009D7055 /* CoreFoundation.framework */ = {isa = PBXFileReference; lastKnownFileType = wrapper.framework; name = CoreFoundation.framework; path = /System/Library/Frameworks/CoreFoundation.framework; sourceTree = "<absolute>"; };
		E45BE9770E8CC7DD009D7055 /* CoreServices.framework */ = {isa = PBXFileReference; lastKnownFileType = wrapper.framework; name = CoreServices.framework; path = /System/Library/Frameworks/CoreServices.framework; sourceTree = "<absolute>"; };
		E45BE9790E8CC7DD009D7055 /* OpenGL.framework */ = {isa = PBXFileReference; lastKnownFileType = wrapper.framework; name = OpenGL.framework; path = /System/Library/Frameworks/OpenGL.framework; sourceTree = "<absolute>"; };
		E45BE97A0E8CC7DD009D7055 /* QuickTime.framework */ = {isa = PBXFileReference; lastKnownFileType = wrapper.framework; name = QuickTime.framework; path = /System/Library/Frameworks/QuickTime.framework; sourceTree = "<absolute>"; };
		E4B69B5B0A3A1756003C02F2 /* ofxBulletSimpleExampleDebug.app */ = {isa = PBXFileReference; explicitFileType = wrapper.application; includeInIndex = 0; path = ofxBulletSimpleExampleDebug.app; sourceTree = BUILT_PRODUCTS_DIR; };
		E4B69E1D0A3A1BDC003C02F2 /* main.cpp */ = {isa = PBXFileReference; fileEncoding = 30; lastKnownFileType = sourcecode.cpp.cpp; name = main.cpp; path = src/main.cpp; sourceTree = SOURCE_ROOT; };
		E4B69E1E0A3A1BDC003C02F2 /* ofApp.cpp */ = {isa = PBXFileReference; explicitFileType = sourcecode.cpp.cpp; fileEncoding = 30; name = ofApp.cpp; path = src/ofApp.cpp; sourceTree = SOURCE_ROOT; };
		E4B69E1F0A3A1BDC003C02F2 /* ofApp.h */ = {isa = PBXFileReference; fileEncoding = 30; lastKnownFileType = sourcecode.c.h; name = ofApp.h; path = src/ofApp.h; sourceTree = SOURCE_ROOT; };
		E4B6FCAD0C3E899E008CF71C /* openFrameworks-Info.plist */ = {isa = PBXFileReference; fileEncoding = 30; lastKnownFileType = text.plist.xml; path = "openFrameworks-Info.plist"; sourceTree = "<group>"; };
		E4C2424410CC5A17004149E2 /* AppKit.framework */ = {isa = PBXFileReference; lastKnownFileType = wrapper.framework; name = AppKit.framework; path = /System/Library/Frameworks/AppKit.framework; sourceTree = "<absolute>"; };
		E4C2424510CC5A17004149E2 /* Cocoa.framework */ = {isa = PBXFileReference; lastKnownFileType = wrapper.framework; name = Cocoa.framework; path = /System/Library/Frameworks/Cocoa.framework; sourceTree = "<absolute>"; };
		E4C2424610CC5A17004149E2 /* IOKit.framework */ = {isa = PBXFileReference; lastKnownFileType = wrapper.framework; name = IOKit.framework; path = /System/Library/Frameworks/IOKit.framework; sourceTree = "<absolute>"; };
		E4EB691F138AFCF100A09F29 /* CoreOF.xcconfig */ = {isa = PBXFileReference; fileEncoding = 4; lastKnownFileType = text.xcconfig; name = CoreOF.xcconfig; path = ../../../libs/openFrameworksCompiled/project/osx/CoreOF.xcconfig; sourceTree = SOURCE_ROOT; };
		E4EB6923138AFD0F00A09F29 /* Project.xcconfig */ = {isa = PBXFileReference; fileEncoding = 4; lastKnownFileType = text.xcconfig; path = Project.xcconfig; sourceTree = "<group>"; };
		E7E077E415D3B63C0020DFD4 /* CoreVideo.framework */ = {isa = PBXFileReference; lastKnownFileType = wrapper.framework; name = CoreVideo.framework; path = /System/Library/Frameworks/CoreVideo.framework; sourceTree = "<absolute>"; };
		E7E077E715D3B6510020DFD4 /* QTKit.framework */ = {isa = PBXFileReference; lastKnownFileType = wrapper.framework; name = QTKit.framework; path = /System/Library/Frameworks/QTKit.framework; sourceTree = "<absolute>"; };
		E7F985F515E0DE99003869B5 /* Accelerate.framework */ = {isa = PBXFileReference; lastKnownFileType = wrapper.framework; name = Accelerate.framework; path = /System/Library/Frameworks/Accelerate.framework; sourceTree = "<absolute>"; };
/* End PBXFileReference section */

/* Begin PBXFrameworksBuildPhase section */
		E4B69B590A3A1756003C02F2 /* Frameworks */ = {
			isa = PBXFrameworksBuildPhase;
			buildActionMask = 2147483647;
			files = (
				E7F985F815E0DEA3003869B5 /* Accelerate.framework in Frameworks */,
				E7E077E815D3B6510020DFD4 /* QTKit.framework in Frameworks */,
				E4EB6799138ADC1D00A09F29 /* GLUT.framework in Frameworks */,
				E4328149138ABC9F0047C5CB /* openFrameworksDebug.a in Frameworks */,
				E45BE97B0E8CC7DD009D7055 /* AGL.framework in Frameworks */,
				E45BE97C0E8CC7DD009D7055 /* ApplicationServices.framework in Frameworks */,
				E45BE97D0E8CC7DD009D7055 /* AudioToolbox.framework in Frameworks */,
				E45BE97E0E8CC7DD009D7055 /* Carbon.framework in Frameworks */,
				E45BE97F0E8CC7DD009D7055 /* CoreAudio.framework in Frameworks */,
				E45BE9800E8CC7DD009D7055 /* CoreFoundation.framework in Frameworks */,
				E45BE9810E8CC7DD009D7055 /* CoreServices.framework in Frameworks */,
				E45BE9830E8CC7DD009D7055 /* OpenGL.framework in Frameworks */,
				E45BE9840E8CC7DD009D7055 /* QuickTime.framework in Frameworks */,
				E4C2424710CC5A17004149E2 /* AppKit.framework in Frameworks */,
				E4C2424810CC5A17004149E2 /* Cocoa.framework in Frameworks */,
				E4C2424910CC5A17004149E2 /* IOKit.framework in Frameworks */,
				E7E077E515D3B63C0020DFD4 /* CoreVideo.framework in Frameworks */,
			);
			runOnlyForDeploymentPostprocessing = 0;
		};
/* End PBXFrameworksBuildPhase section */

/* Begin PBXGroup section */
		2E6A433D1B438A53002830D0 /* src */ = {
			isa = PBXGroup;
			children = (
				2E6A433E1B438A53002830D0 /* events */,
				2E6A43421B438A53002830D0 /* joints */,
				2E6A43451B438A53002830D0 /* ofxBullet.h */,
				2E6A43461B438A53002830D0 /* ofxBulletConstants.h */,
				2E6A43471B438A53002830D0 /* ofxBulletUserData.h */,
				2E6A43481B438A53002830D0 /* ofxBulletUtils.h */,
				2E6A43491B438A53002830D0 /* ofxBulletWorldRigid.cpp */,
				2E6A434A1B438A53002830D0 /* ofxBulletWorldRigid.h */,
				2E6A434C1B438A53002830D0 /* ofxBulletWorldSoft.h */,
				2E6A43831B438AA5002830D0 /* ofxBulletWorldSoft.cpp */,
				2E6A434D1B438A53002830D0 /* render */,
				2E6A43501B438A53002830D0 /* shapes */,
			);
			path = src;
			sourceTree = "<group>";
		};
		2E6A433E1B438A53002830D0 /* events */ = {
			isa = PBXGroup;
			children = (
				2E6A433F1B438A53002830D0 /* ofxBulletCollisionData.h */,
				2E6A43401B438A53002830D0 /* ofxBulletMousePickEvent.h */,
				2E6A43411B438A53002830D0 /* ofxBulletRaycastData.h */,
			);
			path = events;
			sourceTree = "<group>";
		};
		2E6A43421B438A53002830D0 /* joints */ = {
			isa = PBXGroup;
			children = (
				2E6A43431B438A53002830D0 /* ofxBulletJoint.cpp */,
				2E6A43441B438A53002830D0 /* ofxBulletJoint.h */,
			);
			path = joints;
			sourceTree = "<group>";
		};
		2E6A434D1B438A53002830D0 /* render */ = {
			isa = PBXGroup;
			children = (
				2E6A434E1B438A53002830D0 /* GLDebugDrawer.cpp */,
				2E6A434F1B438A53002830D0 /* GLDebugDrawer.h */,
			);
			path = render;
			sourceTree = "<group>";
		};
		2E6A43501B438A53002830D0 /* shapes */ = {
			isa = PBXGroup;
			children = (
				2E6A43511B438A53002830D0 /* ofxBulletBaseShape.cpp */,
				2E6A43521B438A53002830D0 /* ofxBulletBaseShape.h */,
				2E6A43531B438A53002830D0 /* ofxBulletBox.cpp */,
				2E6A43541B438A53002830D0 /* ofxBulletBox.h */,
				2E6A43551B438A53002830D0 /* ofxBulletCapsule.cpp */,
				2E6A43561B438A53002830D0 /* ofxBulletCapsule.h */,
				2E6A43571B438A53002830D0 /* ofxBulletCone.cpp */,
				2E6A43581B438A53002830D0 /* ofxBulletCone.h */,
				2E6A43591B438A53002830D0 /* ofxBulletConvexShape.cpp */,
				2E6A435A1B438A53002830D0 /* ofxBulletConvexShape.h */,
				2E6A435B1B438A53002830D0 /* ofxBulletCustomShape.cpp */,
				2E6A435C1B438A53002830D0 /* ofxBulletCustomShape.h */,
				2E6A435D1B438A53002830D0 /* ofxBulletCylinder.cpp */,
				2E6A435E1B438A53002830D0 /* ofxBulletCylinder.h */,
				2E6A435F1B438A53002830D0 /* ofxBulletEllipsoid.cpp */,
				2E6A43601B438A53002830D0 /* ofxBulletEllipsoid.h */,
				2E6A43611B438A53002830D0 /* ofxBulletPatch.cpp */,
				2E6A43621B438A53002830D0 /* ofxBulletPatch.h */,
				2E6A43631B438A53002830D0 /* ofxBulletRigidBody.cpp */,
				2E6A43641B438A53002830D0 /* ofxBulletRigidBody.h */,
				2E6A43651B438A53002830D0 /* ofxBulletRope.cpp */,
				2E6A43661B438A53002830D0 /* ofxBulletRope.h */,
				2E6A43671B438A53002830D0 /* ofxBulletSoftBody.cpp */,
				2E6A43681B438A53002830D0 /* ofxBulletSoftBody.h */,
				2E6A43691B438A53002830D0 /* ofxBulletSphere.cpp */,
				2E6A436A1B438A53002830D0 /* ofxBulletSphere.h */,
				2E6A436B1B438A53002830D0 /* ofxBulletStaticPlane.cpp */,
				2E6A436C1B438A53002830D0 /* ofxBulletStaticPlane.h */,
				2E6A436D1B438A53002830D0 /* ofxBulletTriMeshShape.cpp */,
				2E6A436E1B438A53002830D0 /* ofxBulletTriMeshShape.h */,
			);
			path = shapes;
			sourceTree = "<group>";
		};
		2EEF2F0D17BB2A72003CFA1C /* ofxBullet */ = {
			isa = PBXGroup;
			children = (
				2E6A433D1B438A53002830D0 /* src */,
			);
			name = ofxBullet;
			path = ..;
			sourceTree = "<group>";
		};
		BB4B014C10F69532006C3DED /* addons */ = {
			isa = PBXGroup;
			children = (
				2EEF2F0D17BB2A72003CFA1C /* ofxBullet */,
			);
			name = addons;
			sourceTree = "<group>";
		};
		BBAB23C913894ECA00AA2426 /* system frameworks */ = {
			isa = PBXGroup;
			children = (
				E7F985F515E0DE99003869B5 /* Accelerate.framework */,
				E4C2424410CC5A17004149E2 /* AppKit.framework */,
				E4C2424510CC5A17004149E2 /* Cocoa.framework */,
				E4C2424610CC5A17004149E2 /* IOKit.framework */,
				E45BE9710E8CC7DD009D7055 /* AGL.framework */,
				E45BE9720E8CC7DD009D7055 /* ApplicationServices.framework */,
				E45BE9730E8CC7DD009D7055 /* AudioToolbox.framework */,
				E45BE9740E8CC7DD009D7055 /* Carbon.framework */,
				E45BE9750E8CC7DD009D7055 /* CoreAudio.framework */,
				E45BE9760E8CC7DD009D7055 /* CoreFoundation.framework */,
				E45BE9770E8CC7DD009D7055 /* CoreServices.framework */,
				E45BE9790E8CC7DD009D7055 /* OpenGL.framework */,
				E45BE97A0E8CC7DD009D7055 /* QuickTime.framework */,
				E7E077E415D3B63C0020DFD4 /* CoreVideo.framework */,
				E7E077E715D3B6510020DFD4 /* QTKit.framework */,
			);
			name = "system frameworks";
			sourceTree = "<group>";
		};
		BBAB23CA13894EDB00AA2426 /* 3rd party frameworks */ = {
			isa = PBXGroup;
			children = (
				BBAB23BE13894E4700AA2426 /* GLUT.framework */,
			);
			name = "3rd party frameworks";
			sourceTree = "<group>";
		};
		E4328144138ABC890047C5CB /* Products */ = {
			isa = PBXGroup;
			children = (
				E4328148138ABC890047C5CB /* openFrameworksDebug.a */,
			);
			name = Products;
			sourceTree = "<group>";
		};
		E45BE5980E8CC70C009D7055 /* frameworks */ = {
			isa = PBXGroup;
			children = (
				BBAB23CA13894EDB00AA2426 /* 3rd party frameworks */,
				BBAB23C913894ECA00AA2426 /* system frameworks */,
			);
			name = frameworks;
			sourceTree = "<group>";
		};
		E4B69B4A0A3A1720003C02F2 = {
			isa = PBXGroup;
			children = (
				E4B6FCAD0C3E899E008CF71C /* openFrameworks-Info.plist */,
				E4EB6923138AFD0F00A09F29 /* Project.xcconfig */,
				E4B69E1C0A3A1BDC003C02F2 /* src */,
				E4EEC9E9138DF44700A80321 /* openFrameworks */,
				BB4B014C10F69532006C3DED /* addons */,
				E45BE5980E8CC70C009D7055 /* frameworks */,
				E4B69B5B0A3A1756003C02F2 /* ofxBulletSimpleExampleDebug.app */,
			);
			sourceTree = "<group>";
		};
		E4B69E1C0A3A1BDC003C02F2 /* src */ = {
			isa = PBXGroup;
			children = (
				E4B69E1D0A3A1BDC003C02F2 /* main.cpp */,
				E4B69E1E0A3A1BDC003C02F2 /* ofApp.cpp */,
				E4B69E1F0A3A1BDC003C02F2 /* ofApp.h */,
			);
			path = src;
			sourceTree = SOURCE_ROOT;
		};
		E4EEC9E9138DF44700A80321 /* openFrameworks */ = {
			isa = PBXGroup;
			children = (
				E4EB691F138AFCF100A09F29 /* CoreOF.xcconfig */,
				E4328143138ABC890047C5CB /* openFrameworksLib.xcodeproj */,
			);
			name = openFrameworks;
			sourceTree = "<group>";
		};
/* End PBXGroup section */

/* Begin PBXNativeTarget section */
		E4B69B5A0A3A1756003C02F2 /* ofxBulletSimpleExample */ = {
			isa = PBXNativeTarget;
			buildConfigurationList = E4B69B5F0A3A1757003C02F2 /* Build configuration list for PBXNativeTarget "ofxBulletSimpleExample" */;
			buildPhases = (
				E4B69B580A3A1756003C02F2 /* Sources */,
				E4B69B590A3A1756003C02F2 /* Frameworks */,
				E4B6FFFD0C3F9AB9008CF71C /* ShellScript */,
				E4C2427710CC5ABF004149E2 /* CopyFiles */,
			);
			buildRules = (
			);
			dependencies = (
				E4EEB9AC138B136A00A80321 /* PBXTargetDependency */,
			);
			name = ofxBulletSimpleExample;
			productName = myOFApp;
			productReference = E4B69B5B0A3A1756003C02F2 /* ofxBulletSimpleExampleDebug.app */;
			productType = "com.apple.product-type.application";
		};
/* End PBXNativeTarget section */

/* Begin PBXProject section */
		E4B69B4C0A3A1720003C02F2 /* Project object */ = {
			isa = PBXProject;
			attributes = {
				LastUpgradeCheck = 0460;
			};
			buildConfigurationList = E4B69B4D0A3A1720003C02F2 /* Build configuration list for PBXProject "ofxBulletSimpleExample" */;
			compatibilityVersion = "Xcode 3.2";
			developmentRegion = English;
			hasScannedForEncodings = 0;
			knownRegions = (
				English,
				Japanese,
				French,
				German,
			);
			mainGroup = E4B69B4A0A3A1720003C02F2;
			productRefGroup = E4B69B4A0A3A1720003C02F2;
			projectDirPath = "";
			projectReferences = (
				{
					ProductGroup = E4328144138ABC890047C5CB /* Products */;
					ProjectRef = E4328143138ABC890047C5CB /* openFrameworksLib.xcodeproj */;
				},
			);
			projectRoot = "";
			targets = (
				E4B69B5A0A3A1756003C02F2 /* ofxBulletSimpleExample */,
			);
		};
/* End PBXProject section */

/* Begin PBXReferenceProxy section */
		E4328148138ABC890047C5CB /* openFrameworksDebug.a */ = {
			isa = PBXReferenceProxy;
			fileType = archive.ar;
			path = openFrameworksDebug.a;
			remoteRef = E4328147138ABC890047C5CB /* PBXContainerItemProxy */;
			sourceTree = BUILT_PRODUCTS_DIR;
		};
/* End PBXReferenceProxy section */

/* Begin PBXShellScriptBuildPhase section */
		E4B6FFFD0C3F9AB9008CF71C /* ShellScript */ = {
			isa = PBXShellScriptBuildPhase;
			buildActionMask = 2147483647;
			files = (
			);
			inputPaths = (
			);
			outputPaths = (
			);
			runOnlyForDeploymentPostprocessing = 0;
			shellPath = /bin/sh;
			shellScript = "cp -f ../../../libs/fmodex/lib/osx/libfmodex.dylib \"$TARGET_BUILD_DIR/$PRODUCT_NAME.app/Contents/MacOS/libfmodex.dylib\"; install_name_tool -change ./libfmodex.dylib @executable_path/libfmodex.dylib \"$TARGET_BUILD_DIR/$PRODUCT_NAME.app/Contents/MacOS/$PRODUCT_NAME\";\nmkdir -p \"$TARGET_BUILD_DIR/$PRODUCT_NAME.app/Contents/Resources/\"\ncp -f \"$ICON_FILE\" \"$TARGET_BUILD_DIR/$PRODUCT_NAME.app/Contents/Resources/\"\n";
		};
/* End PBXShellScriptBuildPhase section */

/* Begin PBXSourcesBuildPhase section */
		E4B69B580A3A1756003C02F2 /* Sources */ = {
			isa = PBXSourcesBuildPhase;
			buildActionMask = 2147483647;
			files = (
				2E6A43841B438AA5002830D0 /* ofxBulletWorldSoft.cpp in Sources */,
				2E6A43701B438A53002830D0 /* ofxBulletWorldRigid.cpp in Sources */,
				E4B69E200A3A1BDC003C02F2 /* main.cpp in Sources */,
				E4B69E210A3A1BDC003C02F2 /* ofApp.cpp in Sources */,
				2E6A437A1B438A53002830D0 /* ofxBulletEllipsoid.cpp in Sources */,
				2E6A437B1B438A53002830D0 /* ofxBulletPatch.cpp in Sources */,
				2E6A437D1B438A53002830D0 /* ofxBulletRope.cpp in Sources */,
				2E6A43731B438A53002830D0 /* ofxBulletBaseShape.cpp in Sources */,
				2E6A43761B438A53002830D0 /* ofxBulletCone.cpp in Sources */,
				2E6A43791B438A53002830D0 /* ofxBulletCylinder.cpp in Sources */,
				2E6A437C1B438A53002830D0 /* ofxBulletRigidBody.cpp in Sources */,
				2E6A437E1B438A53002830D0 /* ofxBulletSoftBody.cpp in Sources */,
				2E6A43751B438A53002830D0 /* ofxBulletCapsule.cpp in Sources */,
				2E6A436F1B438A53002830D0 /* ofxBulletJoint.cpp in Sources */,
				2E6A43801B438A53002830D0 /* ofxBulletStaticPlane.cpp in Sources */,
				2E6A43771B438A53002830D0 /* ofxBulletConvexShape.cpp in Sources */,
				2E6A43721B438A53002830D0 /* GLDebugDrawer.cpp in Sources */,
				2E6A43781B438A53002830D0 /* ofxBulletCustomShape.cpp in Sources */,
				2E6A437F1B438A53002830D0 /* ofxBulletSphere.cpp in Sources */,
				2E6A43811B438A53002830D0 /* ofxBulletTriMeshShape.cpp in Sources */,
				2E6A43741B438A53002830D0 /* ofxBulletBox.cpp in Sources */,
			);
			runOnlyForDeploymentPostprocessing = 0;
		};
/* End PBXSourcesBuildPhase section */

/* Begin PBXTargetDependency section */
		E4EEB9AC138B136A00A80321 /* PBXTargetDependency */ = {
			isa = PBXTargetDependency;
			name = openFrameworks;
			targetProxy = E4EEB9AB138B136A00A80321 /* PBXContainerItemProxy */;
		};
/* End PBXTargetDependency section */

/* Begin XCBuildConfiguration section */
		E4B69B4E0A3A1720003C02F2 /* Debug */ = {
			isa = XCBuildConfiguration;
			baseConfigurationReference = E4EB6923138AFD0F00A09F29 /* Project.xcconfig */;
			buildSettings = {
				ARCHS = "$(NATIVE_ARCH)";
				CONFIGURATION_BUILD_DIR = "$(SRCROOT)/bin/";
				COPY_PHASE_STRIP = NO;
				DEAD_CODE_STRIPPING = YES;
				GCC_AUTO_VECTORIZATION = YES;
				GCC_ENABLE_SSE3_EXTENSIONS = YES;
				GCC_ENABLE_SUPPLEMENTAL_SSE3_INSTRUCTIONS = YES;
				GCC_INLINES_ARE_PRIVATE_EXTERN = NO;
				GCC_OPTIMIZATION_LEVEL = 0;
				GCC_SYMBOLS_PRIVATE_EXTERN = NO;
				GCC_WARN_ABOUT_DEPRECATED_FUNCTIONS = YES;
				GCC_WARN_ABOUT_INVALID_OFFSETOF_MACRO = NO;
				GCC_WARN_ALLOW_INCOMPLETE_PROTOCOL = NO;
				GCC_WARN_UNINITIALIZED_AUTOS = NO;
				GCC_WARN_UNUSED_VALUE = NO;
				GCC_WARN_UNUSED_VARIABLE = NO;
				HEADER_SEARCH_PATHS = (
					"$(OF_CORE_HEADERS)",
					src,
				);
				MACOSX_DEPLOYMENT_TARGET = 10.6;
				OTHER_CPLUSPLUSFLAGS = (
					"-D__MACOSX_CORE__",
					"-lpthread",
					"-mtune=native",
				);
				SDKROOT = macosx;
			};
			name = Debug;
		};
		E4B69B4F0A3A1720003C02F2 /* Release */ = {
			isa = XCBuildConfiguration;
			baseConfigurationReference = E4EB6923138AFD0F00A09F29 /* Project.xcconfig */;
			buildSettings = {
				ARCHS = "$(NATIVE_ARCH)";
				CONFIGURATION_BUILD_DIR = "$(SRCROOT)/bin/";
				COPY_PHASE_STRIP = YES;
				DEAD_CODE_STRIPPING = YES;
				GCC_AUTO_VECTORIZATION = YES;
				GCC_ENABLE_SSE3_EXTENSIONS = YES;
				GCC_ENABLE_SUPPLEMENTAL_SSE3_INSTRUCTIONS = YES;
				GCC_INLINES_ARE_PRIVATE_EXTERN = NO;
				GCC_OPTIMIZATION_LEVEL = 3;
				GCC_SYMBOLS_PRIVATE_EXTERN = NO;
				GCC_UNROLL_LOOPS = YES;
				GCC_WARN_ABOUT_DEPRECATED_FUNCTIONS = YES;
				GCC_WARN_ABOUT_INVALID_OFFSETOF_MACRO = NO;
				GCC_WARN_ALLOW_INCOMPLETE_PROTOCOL = NO;
				GCC_WARN_UNINITIALIZED_AUTOS = NO;
				GCC_WARN_UNUSED_VALUE = NO;
				GCC_WARN_UNUSED_VARIABLE = NO;
				HEADER_SEARCH_PATHS = (
					"$(OF_CORE_HEADERS)",
					src,
				);
				MACOSX_DEPLOYMENT_TARGET = 10.6;
				OTHER_CPLUSPLUSFLAGS = (
					"-D__MACOSX_CORE__",
					"-lpthread",
					"-mtune=native",
				);
				SDKROOT = macosx;
			};
			name = Release;
		};
		E4B69B600A3A1757003C02F2 /* Debug */ = {
			isa = XCBuildConfiguration;
			buildSettings = {
				COMBINE_HIDPI_IMAGES = YES;
				COPY_PHASE_STRIP = NO;
				FRAMEWORK_SEARCH_PATHS_QUOTED_FOR_TARGET_1 = "\"$(SRCROOT)/../../../libs/glut/lib/osx\"";
				GCC_DYNAMIC_NO_PIC = NO;
				GCC_GENERATE_DEBUGGING_SYMBOLS = YES;
				GCC_MODEL_TUNING = NONE;
				HEADER_SEARCH_PATHS = (
					"$(HEADER_BULLET)",
					"$(OF_CORE_HEADERS)",
					src,
				);
				ICON = "$(ICON_NAME_DEBUG)";
				ICON_FILE = "$(ICON_FILE_PATH)$(ICON)";
				INFOPLIST_FILE = "openFrameworks-Info.plist";
				INSTALL_PATH = "$(HOME)/Applications";
				PRODUCT_NAME = ofxBulletSimpleExampleDebug;
				WRAPPER_EXTENSION = app;
			};
			name = Debug;
		};
		E4B69B610A3A1757003C02F2 /* Release */ = {
			isa = XCBuildConfiguration;
			buildSettings = {
				COMBINE_HIDPI_IMAGES = YES;
				COPY_PHASE_STRIP = YES;
				FRAMEWORK_SEARCH_PATHS_QUOTED_FOR_TARGET_1 = "\"$(SRCROOT)/../../../libs/glut/lib/osx\"";
				GCC_GENERATE_DEBUGGING_SYMBOLS = YES;
				GCC_MODEL_TUNING = NONE;
				HEADER_SEARCH_PATHS = (
					"$(HEADER_BULLET)",
					"$(OF_CORE_HEADERS)",
					src,
				);
				ICON = "$(ICON_NAME_RELEASE)";
				ICON_FILE = "$(ICON_FILE_PATH)$(ICON)";
				INFOPLIST_FILE = "openFrameworks-Info.plist";
				INSTALL_PATH = "$(HOME)/Applications";
				PRODUCT_NAME = ofxBulletSimpleExample;
				WRAPPER_EXTENSION = app;
			};
			name = Release;
		};
/* End XCBuildConfiguration section */

/* Begin XCConfigurationList section */
		E4B69B4D0A3A1720003C02F2 /* Build configuration list for PBXProject "ofxBulletSimpleExample" */ = {
			isa = XCConfigurationList;
			buildConfigurations = (
				E4B69B4E0A3A1720003C02F2 /* Debug */,
				E4B69B4F0A3A1720003C02F2 /* Release */,
			);
			defaultConfigurationIsVisible = 0;
			defaultConfigurationName = Release;
		};
		E4B69B5F0A3A1757003C02F2 /* Build configuration list for PBXNativeTarget "ofxBulletSimpleExample" */ = {
			isa = XCConfigurationList;
			buildConfigurations = (
				E4B69B600A3A1757003C02F2 /* Debug */,
				E4B69B610A3A1757003C02F2 /* Release */,
			);
			defaultConfigurationIsVisible = 0;
			defaultConfigurationName = Release;
		};
/* End XCConfigurationList section */
	};
	rootObject = E4B69B4C0A3A1720003C02F2 /* Project object */;
}
