<?xml version="1.0" encoding="UTF-8" standalone="yes" ?>
<CodeBlocks_project_file>
	<FileVersion major="1" minor="6" />
	<Project>
		<Option title="Events" />
		<Option makefile_is_custom="1" />
		<Option pch_mode="2" />
		<Option compiler="gcc" />
		<Option virtualFolders="addons/;src/;build config/;addons/ofxBullet/;addons/ofxBullet/src/;addons/ofxBullet/src/joints/;addons/ofxBullet/src/render/;addons/ofxBullet/src/shapes/;addons/ofxBullet/src/events/;" />
		<Build>
			<Target title="Debug">
				<Option output="bin/$(PROJECT_NAME)_debug" prefix_auto="1" extension_auto="1" />
				<Option working_dir="bin" />
				<Option object_output="obj/Debug/" />
				<Option external_deps="../../../libs/openFrameworksCompiled/lib/linux64/libopenFrameworksDebug.a;" />
				<Option type="1" />
				<Option compiler="gcc" />
				<Option projectLinkerOptionsRelation="2" />
			</Target>
			<Target title="Release">
				<Option output="bin/$(PROJECT_NAME)" prefix_auto="1" extension_auto="1" />
				<Option working_dir="bin" />
				<Option object_output="obj/Release/" />
				<Option external_deps="../../../libs/openFrameworksCompiled/lib/linux64/libopenFrameworks.a;" />
				<Option type="1" />
				<Option compiler="gcc" />
				<Option projectLinkerOptionsRelation="2" />
			</Target>
		</Build>
		<Unit filename="config.make">
			<Option virtualFolder="build config" />
		</Unit>
		<Unit filename="src/main.cpp">
			<Option virtualFolder="src/" />
		</Unit>
		<Unit filename="src/testApp.cpp">
			<Option virtualFolder="src/" />
		</Unit>
		<Unit filename="src/testApp.h">
			<Option virtualFolder="src/" />
		</Unit>
		<Unit filename="../../src/events/ofxBulletCollisionData.h">
			<Option virtualFolder="addons/ofxBullet/src/events/" />
		</Unit>
		<Unit filename="../../src/events/ofxBulletMousePickEvent.h">
			<Option virtualFolder="addons/ofxBullet/src/events/" />
		</Unit>
		<Unit filename="../../src/events/ofxBulletRaycastData.h">
			<Option virtualFolder="addons/ofxBullet/src/events/" />
		</Unit>
		<Unit filename="../../src/joints/ofxBulletJoint.cpp">
			<Option virtualFolder="addons/ofxBullet/src/joints/" />
		</Unit>
		<Unit filename="../../src/joints/ofxBulletJoint.h">
			<Option virtualFolder="addons/ofxBullet/src/joints/" />
		</Unit>
		<Unit filename="../../src/ofxBullet.h">
			<Option virtualFolder="addons/ofxBullet/src/" />
		</Unit>
		<Unit filename="../../src/ofxBulletConstants.h">
			<Option virtualFolder="addons/ofxBullet/src/" />
		</Unit>
		<Unit filename="../../src/ofxBulletUserData.h">
			<Option virtualFolder="addons/ofxBullet/src/" />
		</Unit>
		<Unit filename="../../src/ofxBulletUtils.h">
			<Option virtualFolder="addons/ofxBullet/src/" />
		</Unit>
		<Unit filename="../../src/ofxBulletWorldRigid.cpp">
			<Option virtualFolder="addons/ofxBullet/src/" />
		</Unit>
		<Unit filename="../../src/ofxBulletWorldRigid.h">
			<Option virtualFolder="addons/ofxBullet/src/" />
		</Unit>
		<Unit filename="../../src/render/GLDebugDrawer.cpp">
			<Option virtualFolder="addons/ofxBullet/src/render/" />
		</Unit>
		<Unit filename="../../src/render/GLDebugDrawer.h">
			<Option virtualFolder="addons/ofxBullet/src/render/" />
		</Unit>
		<Unit filename="../../src/shapes/ofxBulletBaseShape.cpp">
			<Option virtualFolder="addons/ofxBullet/src/shapes/" />
		</Unit>
		<Unit filename="../../src/shapes/ofxBulletBaseShape.h">
			<Option virtualFolder="addons/ofxBullet/src/shapes/" />
		</Unit>
		<Unit filename="../../src/shapes/ofxBulletBox.cpp">
			<Option virtualFolder="addons/ofxBullet/src/shapes/" />
		</Unit>
		<Unit filename="../../src/shapes/ofxBulletBox.h">
			<Option virtualFolder="addons/ofxBullet/src/shapes/" />
		</Unit>
		<Unit filename="../../src/shapes/ofxBulletCapsule.cpp">
			<Option virtualFolder="addons/ofxBullet/src/shapes/" />
		</Unit>
		<Unit filename="../../src/shapes/ofxBulletCapsule.h">
			<Option virtualFolder="addons/ofxBullet/src/shapes/" />
		</Unit>
		<Unit filename="../../src/shapes/ofxBulletCone.cpp">
			<Option virtualFolder="addons/ofxBullet/src/shapes/" />
		</Unit>
		<Unit filename="../../src/shapes/ofxBulletCone.h">
			<Option virtualFolder="addons/ofxBullet/src/shapes/" />
		</Unit>
		<Unit filename="../../src/shapes/ofxBulletCustomShape.cpp">
			<Option virtualFolder="addons/ofxBullet/src/shapes/" />
		</Unit>
		<Unit filename="../../src/shapes/ofxBulletCustomShape.h">
			<Option virtualFolder="addons/ofxBullet/src/shapes/" />
		</Unit>
		<Unit filename="../../src/shapes/ofxBulletCylinder.cpp">
			<Option virtualFolder="addons/ofxBullet/src/shapes/" />
		</Unit>
		<Unit filename="../../src/shapes/ofxBulletCylinder.h">
			<Option virtualFolder="addons/ofxBullet/src/shapes/" />
		</Unit>
		<Unit filename="../../src/shapes/ofxBulletSphere.cpp">
			<Option virtualFolder="addons/ofxBullet/src/shapes/" />
		</Unit>
		<Unit filename="../../src/shapes/ofxBulletSphere.h">
			<Option virtualFolder="addons/ofxBullet/src/shapes/" />
		</Unit>
		<Extensions>
			<code_completion />
			<envvars />
			<debugger />
		</Extensions>
	</Project>
</CodeBlocks_project_file>
