// !$*UTF8*$!
{
	archiveVersion = 1;
	classes = {
	};
	objectVersion = 46;
	objects = {

/* Begin PBXBuildFile section */
		1D60589F0D05DD5A006BFB54 /* Foundation.framework in Frameworks */ = {isa = PBXBuildFile; fileRef = 1D30AB110D05D00D00671497 /* Foundation.framework */; };
		1DF5F4E00D08C38300B7A737 /* UIKit.framework in Frameworks */ = {isa = PBXBuildFile; fileRef = 1DF5F4DF0D08C38300B7A737 /* UIKit.framework */; };
		288765FD0DF74451002DB57D /* CoreGraphics.framework in Frameworks */ = {isa = PBXBuildFile; fileRef = 288765FC0DF74451002DB57D /* CoreGraphics.framework */; };
		2E110F801ABCBBC700C51AE9 /* README.md in Resources */ = {isa = PBXBuildFile; fileRef = 2E110BF51ABCBBC600C51AE9 /* README.md */; };
		2E4E510B1B43911A00ADBEA6 /* ofxBulletJoint.cpp in Sources */ = {isa = PBXBuildFile; fileRef = 2E4E50DF1B43911A00ADBEA6 /* ofxBulletJoint.cpp */; };
		2E4E510C1B43911A00ADBEA6 /* ofxBulletWorldRigid.cpp in Sources */ = {isa = PBXBuildFile; fileRef = 2E4E50E51B43911A00ADBEA6 /* ofxBulletWorldRigid.cpp */; };
		2E4E510D1B43911A00ADBEA6 /* ofxBulletWorldSoft.cpp in Sources */ = {isa = PBXBuildFile; fileRef = 2E4E50E71B43911A00ADBEA6 /* ofxBulletWorldSoft.cpp */; };
		2E4E510E1B43911A00ADBEA6 /* GLDebugDrawer.cpp in Sources */ = {isa = PBXBuildFile; fileRef = 2E4E50EA1B43911A00ADBEA6 /* GLDebugDrawer.cpp */; };
		2E4E510F1B43911A00ADBEA6 /* ofxBulletBaseShape.cpp in Sources */ = {isa = PBXBuildFile; fileRef = 2E4E50ED1B43911A00ADBEA6 /* ofxBulletBaseShape.cpp */; };
		2E4E51101B43911A00ADBEA6 /* ofxBulletBox.cpp in Sources */ = {isa = PBXBuildFile; fileRef = 2E4E50EF1B43911A00ADBEA6 /* ofxBulletBox.cpp */; };
		2E4E51111B43911A00ADBEA6 /* ofxBulletCapsule.cpp in Sources */ = {isa = PBXBuildFile; fileRef = 2E4E50F11B43911A00ADBEA6 /* ofxBulletCapsule.cpp */; };
		2E4E51121B43911A00ADBEA6 /* ofxBulletCone.cpp in Sources */ = {isa = PBXBuildFile; fileRef = 2E4E50F31B43911A00ADBEA6 /* ofxBulletCone.cpp */; };
		2E4E51131B43911A00ADBEA6 /* ofxBulletConvexShape.cpp in Sources */ = {isa = PBXBuildFile; fileRef = 2E4E50F51B43911A00ADBEA6 /* ofxBulletConvexShape.cpp */; };
		2E4E51141B43911A00ADBEA6 /* ofxBulletCustomShape.cpp in Sources */ = {isa = PBXBuildFile; fileRef = 2E4E50F71B43911A00ADBEA6 /* ofxBulletCustomShape.cpp */; };
		2E4E51151B43911A00ADBEA6 /* ofxBulletCylinder.cpp in Sources */ = {isa = PBXBuildFile; fileRef = 2E4E50F91B43911A00ADBEA6 /* ofxBulletCylinder.cpp */; };
		2E4E51161B43911A00ADBEA6 /* ofxBulletEllipsoid.cpp in Sources */ = {isa = PBXBuildFile; fileRef = 2E4E50FB1B43911A00ADBEA6 /* ofxBulletEllipsoid.cpp */; };
		2E4E51171B43911A00ADBEA6 /* ofxBulletPatch.cpp in Sources */ = {isa = PBXBuildFile; fileRef = 2E4E50FD1B43911A00ADBEA6 /* ofxBulletPatch.cpp */; };
		2E4E51181B43911A00ADBEA6 /* ofxBulletRigidBody.cpp in Sources */ = {isa = PBXBuildFile; fileRef = 2E4E50FF1B43911A00ADBEA6 /* ofxBulletRigidBody.cpp */; };
		2E4E51191B43911A00ADBEA6 /* ofxBulletRope.cpp in Sources */ = {isa = PBXBuildFile; fileRef = 2E4E51011B43911A00ADBEA6 /* ofxBulletRope.cpp */; };
		2E4E511A1B43911A00ADBEA6 /* ofxBulletSoftBody.cpp in Sources */ = {isa = PBXBuildFile; fileRef = 2E4E51031B43911A00ADBEA6 /* ofxBulletSoftBody.cpp */; };
		2E4E511B1B43911A00ADBEA6 /* ofxBulletSphere.cpp in Sources */ = {isa = PBXBuildFile; fileRef = 2E4E51051B43911A00ADBEA6 /* ofxBulletSphere.cpp */; };
		2E4E511C1B43911A00ADBEA6 /* ofxBulletStaticPlane.cpp in Sources */ = {isa = PBXBuildFile; fileRef = 2E4E51071B43911A00ADBEA6 /* ofxBulletStaticPlane.cpp */; };
		2E4E511D1B43911A00ADBEA6 /* ofxBulletTriMeshShape.cpp in Sources */ = {isa = PBXBuildFile; fileRef = 2E4E51091B43911A00ADBEA6 /* ofxBulletTriMeshShape.cpp */; };
		5326AEA810A23A0500278DE6 /* CoreLocation.framework in Frameworks */ = {isa = PBXBuildFile; fileRef = 5326AEA710A23A0500278DE6 /* CoreLocation.framework */; };
		53F323EB10A20EDB00E0DAE4 /* OpenAL.framework in Frameworks */ = {isa = PBXBuildFile; fileRef = 53F323EA10A20EDB00E0DAE4 /* OpenAL.framework */; };
		678E130817951530005B6D19 /* Icon@2x.png in Resources */ = {isa = PBXBuildFile; fileRef = 678E130717951530005B6D19 /* Icon@2x.png */; };
		678E130A17951536005B6D19 /* Icon.png in Resources */ = {isa = PBXBuildFile; fileRef = 678E130917951536005B6D19 /* Icon.png */; };
		678E130C1795153C005B6D19 /* Default.png in Resources */ = {isa = PBXBuildFile; fileRef = 678E130B1795153C005B6D19 /* Default.png */; };
		678E130E17951540005B6D19 /* Default@2x.png in Resources */ = {isa = PBXBuildFile; fileRef = 678E130D17951540005B6D19 /* Default@2x.png */; };
		678E131017951549005B6D19 /* Default-568h@2x~iphone.png in Resources */ = {isa = PBXBuildFile; fileRef = 678E130F17951549005B6D19 /* Default-568h@2x~iphone.png */; };
		BB16EBD20F2B2A9500518274 /* OpenGLES.framework in Frameworks */ = {isa = PBXBuildFile; fileRef = BB16EBD10F2B2A9500518274 /* OpenGLES.framework */; };
		BB16EBD90F2B2AB500518274 /* QuartzCore.framework in Frameworks */ = {isa = PBXBuildFile; fileRef = BB16EBD80F2B2AB500518274 /* QuartzCore.framework */; };
		BBE5EAB80F49AD8400F28951 /* AudioToolbox.framework in Frameworks */ = {isa = PBXBuildFile; fileRef = BBE5EAB70F49AD8400F28951 /* AudioToolbox.framework */; };
		E41D3ED713B38FB500A75A5D /* Project.xcconfig in Resources */ = {isa = PBXBuildFile; fileRef = E41D3ED613B38FB500A75A5D /* Project.xcconfig */; };
		E41D3EE613B3906D00A75A5D /* CoreOF.xcconfig in Resources */ = {isa = PBXBuildFile; fileRef = E41D3EE513B3906D00A75A5D /* CoreOF.xcconfig */; };
		E41D400B13B39D2100A75A5D /* AVFoundation.framework in Frameworks */ = {isa = PBXBuildFile; fileRef = E41D400613B39D2100A75A5D /* AVFoundation.framework */; };
		E41D400C13B39D2100A75A5D /* CoreMedia.framework in Frameworks */ = {isa = PBXBuildFile; fileRef = E41D400713B39D2100A75A5D /* CoreMedia.framework */; };
		E41D400D13B39D2100A75A5D /* CoreVideo.framework in Frameworks */ = {isa = PBXBuildFile; fileRef = E41D400813B39D2100A75A5D /* CoreVideo.framework */; };
		E41D400E13B39D2100A75A5D /* MapKit.framework in Frameworks */ = {isa = PBXBuildFile; fileRef = E41D400913B39D2100A75A5D /* MapKit.framework */; };
		E41D421413B3A95300A75A5D /* libofxiOS_iphoneos_Debug.a in Frameworks */ = {isa = PBXBuildFile; fileRef = E41D410213B3A0D800A75A5D /* libofxiOS_iphoneos_Debug.a */; };
		E4A823A412561BE3002F86A2 /* CoreGraphics.framework in Frameworks */ = {isa = PBXBuildFile; fileRef = E4A823A312561BE3002F86A2 /* CoreGraphics.framework */; };
		E4D8936E11527B74007E1F53 /* main.mm in Sources */ = {isa = PBXBuildFile; fileRef = E4D8936B11527B74007E1F53 /* main.mm */; };
		E4D8936F11527B74007E1F53 /* ofApp.mm in Sources */ = {isa = PBXBuildFile; fileRef = E4D8936D11527B74007E1F53 /* ofApp.mm */; };
/* End PBXBuildFile section */

/* Begin PBXContainerItemProxy section */
		E41D410113B3A0D800A75A5D /* PBXContainerItemProxy */ = {
			isa = PBXContainerItemProxy;
			containerPortal = E41D40FD13B3A0D800A75A5D /* iOS+OFLib.xcodeproj */;
			proxyType = 2;
			remoteGlobalIDString = BB24DED610DA7A3F00E9C588;
			remoteInfo = "iPhone+OF Static Library";
		};
		E41D410313B3A11300A75A5D /* PBXContainerItemProxy */ = {
			isa = PBXContainerItemProxy;
			containerPortal = E41D40FD13B3A0D800A75A5D /* iOS+OFLib.xcodeproj */;
			proxyType = 1;
			remoteGlobalIDString = BB24DE5C10DA7A3F00E9C588;
			remoteInfo = "iPhone+OF Static Library";
		};
/* End PBXContainerItemProxy section */

/* Begin PBXFileReference section */
		1D30AB110D05D00D00671497 /* Foundation.framework */ = {isa = PBXFileReference; lastKnownFileType = wrapper.framework; name = Foundation.framework; path = System/Library/Frameworks/Foundation.framework; sourceTree = SDKROOT; };
		1D6058910D05DD3D006BFB54 /* iosofxBulletEmptyExample.app */ = {isa = PBXFileReference; explicitFileType = wrapper.application; includeInIndex = 0; path = iosofxBulletEmptyExample.app; sourceTree = BUILT_PRODUCTS_DIR; };
		1DF5F4DF0D08C38300B7A737 /* UIKit.framework */ = {isa = PBXFileReference; lastKnownFileType = wrapper.framework; name = UIKit.framework; path = System/Library/Frameworks/UIKit.framework; sourceTree = SDKROOT; };
		288765FC0DF74451002DB57D /* CoreGraphics.framework */ = {isa = PBXFileReference; lastKnownFileType = wrapper.framework; name = CoreGraphics.framework; path = System/Library/Frameworks/CoreGraphics.framework; sourceTree = SDKROOT; };
		2E110BF51ABCBBC600C51AE9 /* README.md */ = {isa = PBXFileReference; fileEncoding = 4; lastKnownFileType = text; path = README.md; sourceTree = "<group>"; };
		2E4E50DB1B43911A00ADBEA6 /* ofxBulletCollisionData.h */ = {isa = PBXFileReference; fileEncoding = 4; lastKnownFileType = sourcecode.c.h; path = ofxBulletCollisionData.h; sourceTree = "<group>"; };
		2E4E50DC1B43911A00ADBEA6 /* ofxBulletMousePickEvent.h */ = {isa = PBXFileReference; fileEncoding = 4; lastKnownFileType = sourcecode.c.h; path = ofxBulletMousePickEvent.h; sourceTree = "<group>"; };
		2E4E50DD1B43911A00ADBEA6 /* ofxBulletRaycastData.h */ = {isa = PBXFileReference; fileEncoding = 4; lastKnownFileType = sourcecode.c.h; path = ofxBulletRaycastData.h; sourceTree = "<group>"; };
		2E4E50DF1B43911A00ADBEA6 /* ofxBulletJoint.cpp */ = {isa = PBXFileReference; fileEncoding = 4; lastKnownFileType = sourcecode.cpp.cpp; path = ofxBulletJoint.cpp; sourceTree = "<group>"; };
		2E4E50E01B43911A00ADBEA6 /* ofxBulletJoint.h */ = {isa = PBXFileReference; fileEncoding = 4; lastKnownFileType = sourcecode.c.h; path = ofxBulletJoint.h; sourceTree = "<group>"; };
		2E4E50E11B43911A00ADBEA6 /* ofxBullet.h */ = {isa = PBXFileReference; fileEncoding = 4; lastKnownFileType = sourcecode.c.h; path = ofxBullet.h; sourceTree = "<group>"; };
		2E4E50E21B43911A00ADBEA6 /* ofxBulletConstants.h */ = {isa = PBXFileReference; fileEncoding = 4; lastKnownFileType = sourcecode.c.h; path = ofxBulletConstants.h; sourceTree = "<group>"; };
		2E4E50E31B43911A00ADBEA6 /* ofxBulletUserData.h */ = {isa = PBXFileReference; fileEncoding = 4; lastKnownFileType = sourcecode.c.h; path = ofxBulletUserData.h; sourceTree = "<group>"; };
		2E4E50E41B43911A00ADBEA6 /* ofxBulletUtils.h */ = {isa = PBXFileReference; fileEncoding = 4; lastKnownFileType = sourcecode.c.h; path = ofxBulletUtils.h; sourceTree = "<group>"; };
		2E4E50E51B43911A00ADBEA6 /* ofxBulletWorldRigid.cpp */ = {isa = PBXFileReference; fileEncoding = 4; lastKnownFileType = sourcecode.cpp.cpp; path = ofxBulletWorldRigid.cpp; sourceTree = "<group>"; };
		2E4E50E61B43911A00ADBEA6 /* ofxBulletWorldRigid.h */ = {isa = PBXFileReference; fileEncoding = 4; lastKnownFileType = sourcecode.c.h; path = ofxBulletWorldRigid.h; sourceTree = "<group>"; };
		2E4E50E71B43911A00ADBEA6 /* ofxBulletWorldSoft.cpp */ = {isa = PBXFileReference; fileEncoding = 4; lastKnownFileType = sourcecode.cpp.cpp; path = ofxBulletWorldSoft.cpp; sourceTree = "<group>"; };
		2E4E50E81B43911A00ADBEA6 /* ofxBulletWorldSoft.h */ = {isa = PBXFileReference; fileEncoding = 4; lastKnownFileType = sourcecode.c.h; path = ofxBulletWorldSoft.h; sourceTree = "<group>"; };
		2E4E50EA1B43911A00ADBEA6 /* GLDebugDrawer.cpp */ = {isa = PBXFileReference; fileEncoding = 4; lastKnownFileType = sourcecode.cpp.cpp; path = GLDebugDrawer.cpp; sourceTree = "<group>"; };
		2E4E50EB1B43911A00ADBEA6 /* GLDebugDrawer.h */ = {isa = PBXFileReference; fileEncoding = 4; lastKnownFileType = sourcecode.c.h; path = GLDebugDrawer.h; sourceTree = "<group>"; };
		2E4E50ED1B43911A00ADBEA6 /* ofxBulletBaseShape.cpp */ = {isa = PBXFileReference; fileEncoding = 4; lastKnownFileType = sourcecode.cpp.cpp; path = ofxBulletBaseShape.cpp; sourceTree = "<group>"; };
		2E4E50EE1B43911A00ADBEA6 /* ofxBulletBaseShape.h */ = {isa = PBXFileReference; fileEncoding = 4; lastKnownFileType = sourcecode.c.h; path = ofxBulletBaseShape.h; sourceTree = "<group>"; };
		2E4E50EF1B43911A00ADBEA6 /* ofxBulletBox.cpp */ = {isa = PBXFileReference; fileEncoding = 4; lastKnownFileType = sourcecode.cpp.cpp; path = ofxBulletBox.cpp; sourceTree = "<group>"; };
		2E4E50F01B43911A00ADBEA6 /* ofxBulletBox.h */ = {isa = PBXFileReference; fileEncoding = 4; lastKnownFileType = sourcecode.c.h; path = ofxBulletBox.h; sourceTree = "<group>"; };
		2E4E50F11B43911A00ADBEA6 /* ofxBulletCapsule.cpp */ = {isa = PBXFileReference; fileEncoding = 4; lastKnownFileType = sourcecode.cpp.cpp; path = ofxBulletCapsule.cpp; sourceTree = "<group>"; };
		2E4E50F21B43911A00ADBEA6 /* ofxBulletCapsule.h */ = {isa = PBXFileReference; fileEncoding = 4; lastKnownFileType = sourcecode.c.h; path = ofxBulletCapsule.h; sourceTree = "<group>"; };
		2E4E50F31B43911A00ADBEA6 /* ofxBulletCone.cpp */ = {isa = PBXFileReference; fileEncoding = 4; lastKnownFileType = sourcecode.cpp.cpp; path = ofxBulletCone.cpp; sourceTree = "<group>"; };
		2E4E50F41B43911A00ADBEA6 /* ofxBulletCone.h */ = {isa = PBXFileReference; fileEncoding = 4; lastKnownFileType = sourcecode.c.h; path = ofxBulletCone.h; sourceTree = "<group>"; };
		2E4E50F51B43911A00ADBEA6 /* ofxBulletConvexShape.cpp */ = {isa = PBXFileReference; fileEncoding = 4; lastKnownFileType = sourcecode.cpp.cpp; path = ofxBulletConvexShape.cpp; sourceTree = "<group>"; };
		2E4E50F61B43911A00ADBEA6 /* ofxBulletConvexShape.h */ = {isa = PBXFileReference; fileEncoding = 4; lastKnownFileType = sourcecode.c.h; path = ofxBulletConvexShape.h; sourceTree = "<group>"; };
		2E4E50F71B43911A00ADBEA6 /* ofxBulletCustomShape.cpp */ = {isa = PBXFileReference; fileEncoding = 4; lastKnownFileType = sourcecode.cpp.cpp; path = ofxBulletCustomShape.cpp; sourceTree = "<group>"; };
		2E4E50F81B43911A00ADBEA6 /* ofxBulletCustomShape.h */ = {isa = PBXFileReference; fileEncoding = 4; lastKnownFileType = sourcecode.c.h; path = ofxBulletCustomShape.h; sourceTree = "<group>"; };
		2E4E50F91B43911A00ADBEA6 /* ofxBulletCylinder.cpp */ = {isa = PBXFileReference; fileEncoding = 4; lastKnownFileType = sourcecode.cpp.cpp; path = ofxBulletCylinder.cpp; sourceTree = "<group>"; };
		2E4E50FA1B43911A00ADBEA6 /* ofxBulletCylinder.h */ = {isa = PBXFileReference; fileEncoding = 4; lastKnownFileType = sourcecode.c.h; path = ofxBulletCylinder.h; sourceTree = "<group>"; };
		2E4E50FB1B43911A00ADBEA6 /* ofxBulletEllipsoid.cpp */ = {isa = PBXFileReference; fileEncoding = 4; lastKnownFileType = sourcecode.cpp.cpp; path = ofxBulletEllipsoid.cpp; sourceTree = "<group>"; };
		2E4E50FC1B43911A00ADBEA6 /* ofxBulletEllipsoid.h */ = {isa = PBXFileReference; fileEncoding = 4; lastKnownFileType = sourcecode.c.h; path = ofxBulletEllipsoid.h; sourceTree = "<group>"; };
		2E4E50FD1B43911A00ADBEA6 /* ofxBulletPatch.cpp */ = {isa = PBXFileReference; fileEncoding = 4; lastKnownFileType = sourcecode.cpp.cpp; path = ofxBulletPatch.cpp; sourceTree = "<group>"; };
		2E4E50FE1B43911A00ADBEA6 /* ofxBulletPatch.h */ = {isa = PBXFileReference; fileEncoding = 4; lastKnownFileType = sourcecode.c.h; path = ofxBulletPatch.h; sourceTree = "<group>"; };
		2E4E50FF1B43911A00ADBEA6 /* ofxBulletRigidBody.cpp */ = {isa = PBXFileReference; fileEncoding = 4; lastKnownFileType = sourcecode.cpp.cpp; path = ofxBulletRigidBody.cpp; sourceTree = "<group>"; };
		2E4E51001B43911A00ADBEA6 /* ofxBulletRigidBody.h */ = {isa = PBXFileReference; fileEncoding = 4; lastKnownFileType = sourcecode.c.h; path = ofxBulletRigidBody.h; sourceTree = "<group>"; };
		2E4E51011B43911A00ADBEA6 /* ofxBulletRope.cpp */ = {isa = PBXFileReference; fileEncoding = 4; lastKnownFileType = sourcecode.cpp.cpp; path = ofxBulletRope.cpp; sourceTree = "<group>"; };
		2E4E51021B43911A00ADBEA6 /* ofxBulletRope.h */ = {isa = PBXFileReference; fileEncoding = 4; lastKnownFileType = sourcecode.c.h; path = ofxBulletRope.h; sourceTree = "<group>"; };
		2E4E51031B43911A00ADBEA6 /* ofxBulletSoftBody.cpp */ = {isa = PBXFileReference; fileEncoding = 4; lastKnownFileType = sourcecode.cpp.cpp; path = ofxBulletSoftBody.cpp; sourceTree = "<group>"; };
		2E4E51041B43911A00ADBEA6 /* ofxBulletSoftBody.h */ = {isa = PBXFileReference; fileEncoding = 4; lastKnownFileType = sourcecode.c.h; path = ofxBulletSoftBody.h; sourceTree = "<group>"; };
		2E4E51051B43911A00ADBEA6 /* ofxBulletSphere.cpp */ = {isa = PBXFileReference; fileEncoding = 4; lastKnownFileType = sourcecode.cpp.cpp; path = ofxBulletSphere.cpp; sourceTree = "<group>"; };
		2E4E51061B43911A00ADBEA6 /* ofxBulletSphere.h */ = {isa = PBXFileReference; fileEncoding = 4; lastKnownFileType = sourcecode.c.h; path = ofxBulletSphere.h; sourceTree = "<group>"; };
		2E4E51071B43911A00ADBEA6 /* ofxBulletStaticPlane.cpp */ = {isa = PBXFileReference; fileEncoding = 4; lastKnownFileType = sourcecode.cpp.cpp; path = ofxBulletStaticPlane.cpp; sourceTree = "<group>"; };
		2E4E51081B43911A00ADBEA6 /* ofxBulletStaticPlane.h */ = {isa = PBXFileReference; fileEncoding = 4; lastKnownFileType = sourcecode.c.h; path = ofxBulletStaticPlane.h; sourceTree = "<group>"; };
		2E4E51091B43911A00ADBEA6 /* ofxBulletTriMeshShape.cpp */ = {isa = PBXFileReference; fileEncoding = 4; lastKnownFileType = sourcecode.cpp.cpp; path = ofxBulletTriMeshShape.cpp; sourceTree = "<group>"; };
		2E4E510A1B43911A00ADBEA6 /* ofxBulletTriMeshShape.h */ = {isa = PBXFileReference; fileEncoding = 4; lastKnownFileType = sourcecode.c.h; path = ofxBulletTriMeshShape.h; sourceTree = "<group>"; };
		32CA4F630368D1EE00C91783 /* ofxiOS_Prefix.pch */ = {isa = PBXFileReference; fileEncoding = 4; lastKnownFileType = sourcecode.c.h; path = ofxiOS_Prefix.pch; sourceTree = "<group>"; };
		5326AEA710A23A0500278DE6 /* CoreLocation.framework */ = {isa = PBXFileReference; lastKnownFileType = wrapper.framework; name = CoreLocation.framework; path = System/Library/Frameworks/CoreLocation.framework; sourceTree = SDKROOT; };
		53F323EA10A20EDB00E0DAE4 /* OpenAL.framework */ = {isa = PBXFileReference; lastKnownFileType = wrapper.framework; name = OpenAL.framework; path = System/Library/Frameworks/OpenAL.framework; sourceTree = SDKROOT; };
		678E130717951530005B6D19 /* Icon@2x.png */ = {isa = PBXFileReference; lastKnownFileType = image.png; name = "Icon@2x.png"; path = "bin/data/Icon@2x.png"; sourceTree = "<group>"; };
		678E130917951536005B6D19 /* Icon.png */ = {isa = PBXFileReference; lastKnownFileType = image.png; name = Icon.png; path = bin/data/Icon.png; sourceTree = "<group>"; };
		678E130B1795153C005B6D19 /* Default.png */ = {isa = PBXFileReference; lastKnownFileType = image.png; name = Default.png; path = bin/data/Default.png; sourceTree = "<group>"; };
		678E130D17951540005B6D19 /* Default@2x.png */ = {isa = PBXFileReference; lastKnownFileType = image.png; name = "Default@2x.png"; path = "bin/data/Default@2x.png"; sourceTree = "<group>"; };
		678E130F17951549005B6D19 /* Default-568h@2x~iphone.png */ = {isa = PBXFileReference; lastKnownFileType = image.png; name = "Default-568h@2x~iphone.png"; path = "bin/data/Default-568h@2x~iphone.png"; sourceTree = "<group>"; };
		BB16EBD10F2B2A9500518274 /* OpenGLES.framework */ = {isa = PBXFileReference; lastKnownFileType = wrapper.framework; name = OpenGLES.framework; path = System/Library/Frameworks/OpenGLES.framework; sourceTree = SDKROOT; };
		BB16EBD80F2B2AB500518274 /* QuartzCore.framework */ = {isa = PBXFileReference; lastKnownFileType = wrapper.framework; name = QuartzCore.framework; path = System/Library/Frameworks/QuartzCore.framework; sourceTree = SDKROOT; };
		BB24DDC910DA781C00E9C588 /* ofxiOS-Info.plist */ = {isa = PBXFileReference; fileEncoding = 4; lastKnownFileType = text.plist.xml; path = "ofxiOS-Info.plist"; sourceTree = "<group>"; };
		BBE5EAB70F49AD8400F28951 /* AudioToolbox.framework */ = {isa = PBXFileReference; lastKnownFileType = wrapper.framework; name = AudioToolbox.framework; path = System/Library/Frameworks/AudioToolbox.framework; sourceTree = SDKROOT; };
		E41D3ED613B38FB500A75A5D /* Project.xcconfig */ = {isa = PBXFileReference; fileEncoding = 4; lastKnownFileType = text.xcconfig; path = Project.xcconfig; sourceTree = "<group>"; };
		E41D3EE513B3906D00A75A5D /* CoreOF.xcconfig */ = {isa = PBXFileReference; fileEncoding = 4; lastKnownFileType = text.xcconfig; name = CoreOF.xcconfig; path = ../../../libs/openFrameworksCompiled/project/ios/CoreOF.xcconfig; sourceTree = SOURCE_ROOT; };
		E41D400613B39D2100A75A5D /* AVFoundation.framework */ = {isa = PBXFileReference; lastKnownFileType = wrapper.framework; name = AVFoundation.framework; path = System/Library/Frameworks/AVFoundation.framework; sourceTree = SDKROOT; };
		E41D400713B39D2100A75A5D /* CoreMedia.framework */ = {isa = PBXFileReference; lastKnownFileType = wrapper.framework; name = CoreMedia.framework; path = System/Library/Frameworks/CoreMedia.framework; sourceTree = SDKROOT; };
		E41D400813B39D2100A75A5D /* CoreVideo.framework */ = {isa = PBXFileReference; lastKnownFileType = wrapper.framework; name = CoreVideo.framework; path = System/Library/Frameworks/CoreVideo.framework; sourceTree = SDKROOT; };
		E41D400913B39D2100A75A5D /* MapKit.framework */ = {isa = PBXFileReference; lastKnownFileType = wrapper.framework; name = MapKit.framework; path = System/Library/Frameworks/MapKit.framework; sourceTree = SDKROOT; };
		E41D40FD13B3A0D800A75A5D /* iOS+OFLib.xcodeproj */ = {isa = PBXFileReference; lastKnownFileType = "wrapper.pb-project"; name = "iOS+OFLib.xcodeproj"; path = "../../../libs/openFrameworksCompiled/project/ios/iOS+OFLib.xcodeproj"; sourceTree = SOURCE_ROOT; };
		E4A823A312561BE3002F86A2 /* CoreGraphics.framework */ = {isa = PBXFileReference; lastKnownFileType = wrapper.framework; name = CoreGraphics.framework; path = System/Library/Frameworks/CoreGraphics.framework; sourceTree = SDKROOT; };
		E4D8936B11527B74007E1F53 /* main.mm */ = {isa = PBXFileReference; fileEncoding = 4; lastKnownFileType = sourcecode.cpp.objcpp; name = main.mm; path = src/main.mm; sourceTree = SOURCE_ROOT; };
		E4D8936C11527B74007E1F53 /* ofApp.h */ = {isa = PBXFileReference; fileEncoding = 4; lastKnownFileType = sourcecode.c.h; name = ofApp.h; path = src/ofApp.h; sourceTree = SOURCE_ROOT; };
		E4D8936D11527B74007E1F53 /* ofApp.mm */ = {isa = PBXFileReference; fileEncoding = 4; lastKnownFileType = sourcecode.cpp.objcpp; name = ofApp.mm; path = src/ofApp.mm; sourceTree = SOURCE_ROOT; };
/* End PBXFileReference section */

/* Begin PBXFrameworksBuildPhase section */
		1D60588F0D05DD3D006BFB54 /* Frameworks */ = {
			isa = PBXFrameworksBuildPhase;
			buildActionMask = 2147483647;
			files = (
				E41D421413B3A95300A75A5D /* libofxiOS_iphoneos_Debug.a in Frameworks */,
				1D60589F0D05DD5A006BFB54 /* Foundation.framework in Frameworks */,
				1DF5F4E00D08C38300B7A737 /* UIKit.framework in Frameworks */,
				288765FD0DF74451002DB57D /* CoreGraphics.framework in Frameworks */,
				BB16EBD20F2B2A9500518274 /* OpenGLES.framework in Frameworks */,
				BB16EBD90F2B2AB500518274 /* QuartzCore.framework in Frameworks */,
				BBE5EAB80F49AD8400F28951 /* AudioToolbox.framework in Frameworks */,
				53F323EB10A20EDB00E0DAE4 /* OpenAL.framework in Frameworks */,
				5326AEA810A23A0500278DE6 /* CoreLocation.framework in Frameworks */,
				E4A823A412561BE3002F86A2 /* CoreGraphics.framework in Frameworks */,
				E41D400B13B39D2100A75A5D /* AVFoundation.framework in Frameworks */,
				E41D400C13B39D2100A75A5D /* CoreMedia.framework in Frameworks */,
				E41D400D13B39D2100A75A5D /* CoreVideo.framework in Frameworks */,
				E41D400E13B39D2100A75A5D /* MapKit.framework in Frameworks */,
			);
			runOnlyForDeploymentPostprocessing = 0;
		};
/* End PBXFrameworksBuildPhase section */

/* Begin PBXGroup section */
		19C28FACFE9D520D11CA2CBB /* Products */ = {
			isa = PBXGroup;
			children = (
				1D6058910D05DD3D006BFB54 /* iosofxBulletEmptyExample.app */,
			);
			name = Products;
			sourceTree = "<group>";
		};
		29B97314FDCFA39411CA2CEA /* CustomTemplate */ = {
			isa = PBXGroup;
			children = (
				678E130917951536005B6D19 /* Icon.png */,
				678E130717951530005B6D19 /* Icon@2x.png */,
				678E130B1795153C005B6D19 /* Default.png */,
				678E130D17951540005B6D19 /* Default@2x.png */,
				678E130F17951549005B6D19 /* Default-568h@2x~iphone.png */,
				E41D3ED613B38FB500A75A5D /* Project.xcconfig */,
				E4D8936A11527B74007E1F53 /* src */,
				BB24E1F710DAA51900E9C588 /* openFrameworks */,
				BB16F26B0F2B646B00518274 /* addons */,
				BB16E9930F2B1E5900518274 /* libs */,
				19C28FACFE9D520D11CA2CBB /* Products */,
			);
			name = CustomTemplate;
			sourceTree = "<group>";
		};
		29B97323FDCFA39411CA2CEA /* core frameworks */ = {
			isa = PBXGroup;
			children = (
				E41D400613B39D2100A75A5D /* AVFoundation.framework */,
				E41D400713B39D2100A75A5D /* CoreMedia.framework */,
				E41D400813B39D2100A75A5D /* CoreVideo.framework */,
				E41D400913B39D2100A75A5D /* MapKit.framework */,
				53F323EA10A20EDB00E0DAE4 /* OpenAL.framework */,
				E4A823A312561BE3002F86A2 /* CoreGraphics.framework */,
				BBE5EAB70F49AD8400F28951 /* AudioToolbox.framework */,
				BB16EBD80F2B2AB500518274 /* QuartzCore.framework */,
				BB16EBD10F2B2A9500518274 /* OpenGLES.framework */,
				1DF5F4DF0D08C38300B7A737 /* UIKit.framework */,
				1D30AB110D05D00D00671497 /* Foundation.framework */,
				288765FC0DF74451002DB57D /* CoreGraphics.framework */,
				5326AEA710A23A0500278DE6 /* CoreLocation.framework */,
			);
			name = "core frameworks";
			sourceTree = "<group>";
		};
		2E1104A21ABCBBC400C51AE9 /* ofxBullet */ = {
			isa = PBXGroup;
			children = (
				2E4E50D91B43911A00ADBEA6 /* src */,
				2E110BF51ABCBBC600C51AE9 /* README.md */,
			);
			name = ofxBullet;
			path = ..;
			sourceTree = "<group>";
		};
		2E4E50D91B43911A00ADBEA6 /* src */ = {
			isa = PBXGroup;
			children = (
				2E4E50DA1B43911A00ADBEA6 /* events */,
				2E4E50DE1B43911A00ADBEA6 /* joints */,
				2E4E50E11B43911A00ADBEA6 /* ofxBullet.h */,
				2E4E50E21B43911A00ADBEA6 /* ofxBulletConstants.h */,
				2E4E50E31B43911A00ADBEA6 /* ofxBulletUserData.h */,
				2E4E50E41B43911A00ADBEA6 /* ofxBulletUtils.h */,
				2E4E50E51B43911A00ADBEA6 /* ofxBulletWorldRigid.cpp */,
				2E4E50E61B43911A00ADBEA6 /* ofxBulletWorldRigid.h */,
				2E4E50E71B43911A00ADBEA6 /* ofxBulletWorldSoft.cpp */,
				2E4E50E81B43911A00ADBEA6 /* ofxBulletWorldSoft.h */,
				2E4E50E91B43911A00ADBEA6 /* render */,
				2E4E50EC1B43911A00ADBEA6 /* shapes */,
			);
			path = src;
			sourceTree = "<group>";
		};
		2E4E50DA1B43911A00ADBEA6 /* events */ = {
			isa = PBXGroup;
			children = (
				2E4E50DB1B43911A00ADBEA6 /* ofxBulletCollisionData.h */,
				2E4E50DC1B43911A00ADBEA6 /* ofxBulletMousePickEvent.h */,
				2E4E50DD1B43911A00ADBEA6 /* ofxBulletRaycastData.h */,
			);
			path = events;
			sourceTree = "<group>";
		};
		2E4E50DE1B43911A00ADBEA6 /* joints */ = {
			isa = PBXGroup;
			children = (
				2E4E50DF1B43911A00ADBEA6 /* ofxBulletJoint.cpp */,
				2E4E50E01B43911A00ADBEA6 /* ofxBulletJoint.h */,
			);
			path = joints;
			sourceTree = "<group>";
		};
		2E4E50E91B43911A00ADBEA6 /* render */ = {
			isa = PBXGroup;
			children = (
				2E4E50EA1B43911A00ADBEA6 /* GLDebugDrawer.cpp */,
				2E4E50EB1B43911A00ADBEA6 /* GLDebugDrawer.h */,
			);
			path = render;
			sourceTree = "<group>";
		};
		2E4E50EC1B43911A00ADBEA6 /* shapes */ = {
			isa = PBXGroup;
			children = (
				2E4E50ED1B43911A00ADBEA6 /* ofxBulletBaseShape.cpp */,
				2E4E50EE1B43911A00ADBEA6 /* ofxBulletBaseShape.h */,
				2E4E50EF1B43911A00ADBEA6 /* ofxBulletBox.cpp */,
				2E4E50F01B43911A00ADBEA6 /* ofxBulletBox.h */,
				2E4E50F11B43911A00ADBEA6 /* ofxBulletCapsule.cpp */,
				2E4E50F21B43911A00ADBEA6 /* ofxBulletCapsule.h */,
				2E4E50F31B43911A00ADBEA6 /* ofxBulletCone.cpp */,
				2E4E50F41B43911A00ADBEA6 /* ofxBulletCone.h */,
				2E4E50F51B43911A00ADBEA6 /* ofxBulletConvexShape.cpp */,
				2E4E50F61B43911A00ADBEA6 /* ofxBulletConvexShape.h */,
				2E4E50F71B43911A00ADBEA6 /* ofxBulletCustomShape.cpp */,
				2E4E50F81B43911A00ADBEA6 /* ofxBulletCustomShape.h */,
				2E4E50F91B43911A00ADBEA6 /* ofxBulletCylinder.cpp */,
				2E4E50FA1B43911A00ADBEA6 /* ofxBulletCylinder.h */,
				2E4E50FB1B43911A00ADBEA6 /* ofxBulletEllipsoid.cpp */,
				2E4E50FC1B43911A00ADBEA6 /* ofxBulletEllipsoid.h */,
				2E4E50FD1B43911A00ADBEA6 /* ofxBulletPatch.cpp */,
				2E4E50FE1B43911A00ADBEA6 /* ofxBulletPatch.h */,
				2E4E50FF1B43911A00ADBEA6 /* ofxBulletRigidBody.cpp */,
				2E4E51001B43911A00ADBEA6 /* ofxBulletRigidBody.h */,
				2E4E51011B43911A00ADBEA6 /* ofxBulletRope.cpp */,
				2E4E51021B43911A00ADBEA6 /* ofxBulletRope.h */,
				2E4E51031B43911A00ADBEA6 /* ofxBulletSoftBody.cpp */,
				2E4E51041B43911A00ADBEA6 /* ofxBulletSoftBody.h */,
				2E4E51051B43911A00ADBEA6 /* ofxBulletSphere.cpp */,
				2E4E51061B43911A00ADBEA6 /* ofxBulletSphere.h */,
				2E4E51071B43911A00ADBEA6 /* ofxBulletStaticPlane.cpp */,
				2E4E51081B43911A00ADBEA6 /* ofxBulletStaticPlane.h */,
				2E4E51091B43911A00ADBEA6 /* ofxBulletTriMeshShape.cpp */,
				2E4E510A1B43911A00ADBEA6 /* ofxBulletTriMeshShape.h */,
			);
			path = shapes;
			sourceTree = "<group>";
		};
		BB16E9930F2B1E5900518274 /* libs */ = {
			isa = PBXGroup;
			children = (
				BBE5E94E0F497BD800F28951 /* core */,
			);
			name = libs;
			sourceTree = "<group>";
		};
		BB16F26B0F2B646B00518274 /* addons */ = {
			isa = PBXGroup;
			children = (
				2E1104A21ABCBBC400C51AE9 /* ofxBullet */,
			);
			name = addons;
			sourceTree = "<group>";
		};
		BB24E1F710DAA51900E9C588 /* openFrameworks */ = {
			isa = PBXGroup;
			children = (
				E41D40FD13B3A0D800A75A5D /* iOS+OFLib.xcodeproj */,
				32CA4F630368D1EE00C91783 /* ofxiOS_Prefix.pch */,
				BB24DDC910DA781C00E9C588 /* ofxiOS-Info.plist */,
				E41D3EE513B3906D00A75A5D /* CoreOF.xcconfig */,
			);
			name = openFrameworks;
			sourceTree = "<group>";
		};
		BBE5E94E0F497BD800F28951 /* core */ = {
			isa = PBXGroup;
			children = (
				29B97323FDCFA39411CA2CEA /* core frameworks */,
			);
			name = core;
			sourceTree = "<group>";
		};
		E41D40FE13B3A0D800A75A5D /* Products */ = {
			isa = PBXGroup;
			children = (
				E41D410213B3A0D800A75A5D /* libofxiOS_iphoneos_Debug.a */,
			);
			name = Products;
			sourceTree = "<group>";
		};
		E4D8936A11527B74007E1F53 /* src */ = {
			isa = PBXGroup;
			children = (
				E4D8936B11527B74007E1F53 /* main.mm */,
				E4D8936D11527B74007E1F53 /* ofApp.mm */,
				E4D8936C11527B74007E1F53 /* ofApp.h */,
			);
			path = src;
			sourceTree = SOURCE_ROOT;
		};
/* End PBXGroup section */

/* Begin PBXNativeTarget section */
		1D6058900D05DD3D006BFB54 /* iosofxBulletEmptyExample */ = {
			isa = PBXNativeTarget;
			buildConfigurationList = 1D6058960D05DD3E006BFB54 /* Build configuration list for PBXNativeTarget "iosofxBulletEmptyExample" */;
			buildPhases = (
				1D60588D0D05DD3D006BFB54 /* Resources */,
				1D60588E0D05DD3D006BFB54 /* Sources */,
				1D60588F0D05DD3D006BFB54 /* Frameworks */,
				9255DD331112741900D6945E /* ShellScript */,
			);
			buildRules = (
			);
			dependencies = (
				E41D410413B3A11300A75A5D /* PBXTargetDependency */,
			);
			name = iosofxBulletEmptyExample;
			productName = iPhone;
			productReference = 1D6058910D05DD3D006BFB54 /* iosofxBulletEmptyExample.app */;
			productType = "com.apple.product-type.application";
		};
/* End PBXNativeTarget section */

/* Begin PBXProject section */
		29B97313FDCFA39411CA2CEA /* Project object */ = {
			isa = PBXProject;
			attributes = {
				LastUpgradeCheck = 0460;
			};
			buildConfigurationList = C01FCF4E08A954540054247B /* Build configuration list for PBXProject "iosofxBulletEmptyExample" */;
			compatibilityVersion = "Xcode 3.2";
			developmentRegion = English;
			hasScannedForEncodings = 1;
			knownRegions = (
				English,
				Japanese,
				French,
				German,
			);
			mainGroup = 29B97314FDCFA39411CA2CEA /* CustomTemplate */;
			projectDirPath = "";
			projectReferences = (
				{
					ProductGroup = E41D40FE13B3A0D800A75A5D /* Products */;
					ProjectRef = E41D40FD13B3A0D800A75A5D /* iOS+OFLib.xcodeproj */;
				},
			);
			projectRoot = "";
			targets = (
				1D6058900D05DD3D006BFB54 /* iosofxBulletEmptyExample */,
			);
		};
/* End PBXProject section */

/* Begin PBXReferenceProxy section */
		E41D410213B3A0D800A75A5D /* libofxiOS_iphoneos_Debug.a */ = {
			isa = PBXReferenceProxy;
			fileType = archive.ar;
			path = libofxiOS_iphoneos_Debug.a;
			remoteRef = E41D410113B3A0D800A75A5D /* PBXContainerItemProxy */;
			sourceTree = BUILT_PRODUCTS_DIR;
		};
/* End PBXReferenceProxy section */

/* Begin PBXResourcesBuildPhase section */
		1D60588D0D05DD3D006BFB54 /* Resources */ = {
			isa = PBXResourcesBuildPhase;
			buildActionMask = 2147483647;
			files = (
				2E110F801ABCBBC700C51AE9 /* README.md in Resources */,
				E41D3ED713B38FB500A75A5D /* Project.xcconfig in Resources */,
				E41D3EE613B3906D00A75A5D /* CoreOF.xcconfig in Resources */,
				678E130817951530005B6D19 /* Icon@2x.png in Resources */,
				678E130A17951536005B6D19 /* Icon.png in Resources */,
				678E130C1795153C005B6D19 /* Default.png in Resources */,
				678E130E17951540005B6D19 /* Default@2x.png in Resources */,
				678E131017951549005B6D19 /* Default-568h@2x~iphone.png in Resources */,
			);
			runOnlyForDeploymentPostprocessing = 0;
		};
/* End PBXResourcesBuildPhase section */

/* Begin PBXShellScriptBuildPhase section */
		9255DD331112741900D6945E /* ShellScript */ = {
			isa = PBXShellScriptBuildPhase;
			buildActionMask = 2147483647;
			files = (
			);
			inputPaths = (
			);
			outputPaths = (
			);
			runOnlyForDeploymentPostprocessing = 0;
			shellPath = /bin/sh;
			shellScript = "cp -rf bin/data/ \"$TARGET_BUILD_DIR/$PRODUCT_NAME.app\"\n";
		};
/* End PBXShellScriptBuildPhase section */

/* Begin PBXSourcesBuildPhase section */
		1D60588E0D05DD3D006BFB54 /* Sources */ = {
			isa = PBXSourcesBuildPhase;
			buildActionMask = 2147483647;
			files = (
				2E4E510C1B43911A00ADBEA6 /* ofxBulletWorldRigid.cpp in Sources */,
				E4D8936E11527B74007E1F53 /* main.mm in Sources */,
				E4D8936F11527B74007E1F53 /* ofApp.mm in Sources */,
				2E4E51161B43911A00ADBEA6 /* ofxBulletEllipsoid.cpp in Sources */,
				2E4E51171B43911A00ADBEA6 /* ofxBulletPatch.cpp in Sources */,
				2E4E51191B43911A00ADBEA6 /* ofxBulletRope.cpp in Sources */,
				2E4E510F1B43911A00ADBEA6 /* ofxBulletBaseShape.cpp in Sources */,
				2E4E51121B43911A00ADBEA6 /* ofxBulletCone.cpp in Sources */,
				2E4E51151B43911A00ADBEA6 /* ofxBulletCylinder.cpp in Sources */,
				2E4E510D1B43911A00ADBEA6 /* ofxBulletWorldSoft.cpp in Sources */,
				2E4E51181B43911A00ADBEA6 /* ofxBulletRigidBody.cpp in Sources */,
				2E4E511A1B43911A00ADBEA6 /* ofxBulletSoftBody.cpp in Sources */,
				2E4E51111B43911A00ADBEA6 /* ofxBulletCapsule.cpp in Sources */,
				2E4E510B1B43911A00ADBEA6 /* ofxBulletJoint.cpp in Sources */,
				2E4E511C1B43911A00ADBEA6 /* ofxBulletStaticPlane.cpp in Sources */,
				2E4E51131B43911A00ADBEA6 /* ofxBulletConvexShape.cpp in Sources */,
				2E4E510E1B43911A00ADBEA6 /* GLDebugDrawer.cpp in Sources */,
				2E4E51141B43911A00ADBEA6 /* ofxBulletCustomShape.cpp in Sources */,
				2E4E511B1B43911A00ADBEA6 /* ofxBulletSphere.cpp in Sources */,
				2E4E511D1B43911A00ADBEA6 /* ofxBulletTriMeshShape.cpp in Sources */,
				2E4E51101B43911A00ADBEA6 /* ofxBulletBox.cpp in Sources */,
			);
			runOnlyForDeploymentPostprocessing = 0;
		};
/* End PBXSourcesBuildPhase section */

/* Begin PBXTargetDependency section */
		E41D410413B3A11300A75A5D /* PBXTargetDependency */ = {
			isa = PBXTargetDependency;
			name = "iPhone+OF Static Library";
			targetProxy = E41D410313B3A11300A75A5D /* PBXContainerItemProxy */;
		};
/* End PBXTargetDependency section */

/* Begin XCBuildConfiguration section */
		1D6058940D05DD3E006BFB54 /* Debug */ = {
			isa = XCBuildConfiguration;
			buildSettings = {
				ALWAYS_SEARCH_USER_PATHS = NO;
				GCC_INPUT_FILETYPE = sourcecode.cpp.objcpp;
				GCC_PRECOMPILE_PREFIX_HEADER = YES;
				GCC_PREFIX_HEADER = ofxiOS_Prefix.pch;
				HEADER_SEARCH_PATHS = (
					"$(HEADER_BULLET)",
					"$(OF_CORE_HEADERS)",
					src,
				);
				INFOPLIST_FILE = "ofxiOS-Info.plist";
				PRODUCT_NAME = iosofxBulletEmptyExample;
				VALID_ARCHS = "armv6 armv7";
			};
			name = Debug;
		};
		1D6058950D05DD3E006BFB54 /* Release */ = {
			isa = XCBuildConfiguration;
			buildSettings = {
				GCC_INPUT_FILETYPE = sourcecode.cpp.objcpp;
				GCC_PRECOMPILE_PREFIX_HEADER = YES;
				GCC_PREFIX_HEADER = ofxiOS_Prefix.pch;
				HEADER_SEARCH_PATHS = (
					"$(HEADER_BULLET)",
					"$(OF_CORE_HEADERS)",
					src,
				);
				INFOPLIST_FILE = "ofxiOS-Info.plist";
				PRODUCT_NAME = iosofxBulletEmptyExample;
				VALID_ARCHS = "armv6 armv7";
			};
			name = Release;
		};
		C01FCF4F08A954540054247B /* Debug */ = {
			isa = XCBuildConfiguration;
			baseConfigurationReference = E41D3ED613B38FB500A75A5D /* Project.xcconfig */;
			buildSettings = {
				ALWAYS_SEARCH_USER_PATHS = YES;
				ARCHS = "$(ARCHS_STANDARD_32_BIT)";
				CLANG_CXX_LIBRARY = "libstdc++";
				CODE_SIGN_IDENTITY = "";
				"CODE_SIGN_IDENTITY[sdk=iphoneos*]" = "iPhone Developer";
				COMPRESS_PNG_FILES = NO;
				GCC_C_LANGUAGE_STANDARD = c99;
				GCC_OPTIMIZATION_LEVEL = 0;
				GCC_SYMBOLS_PRIVATE_EXTERN = NO;
				GCC_WARN_ABOUT_INVALID_OFFSETOF_MACRO = NO;
				GCC_WARN_ABOUT_POINTER_SIGNEDNESS = NO;
				GCC_WARN_ABOUT_RETURN_TYPE = YES;
				GCC_WARN_ALLOW_INCOMPLETE_PROTOCOL = NO;
				GCC_WARN_PROTOTYPE_CONVERSION = NO;
				GCC_WARN_UNUSED_VARIABLE = YES;
				HEADER_SEARCH_PATHS = (
					"$(OF_CORE_HEADERS)",
					src,
				);
				IPHONEOS_DEPLOYMENT_TARGET = 3.1;
				ONLY_ACTIVE_ARCH = NO;
				"PROVISIONING_PROFILE[sdk=iphoneos*]" = "";
				SDKROOT = iphoneos;
				TARGETED_DEVICE_FAMILY = 1;
				WARNING_LDFLAGS = "-no_arch_warnings";
			};
			name = Debug;
		};
		C01FCF5008A954540054247B /* Release */ = {
			isa = XCBuildConfiguration;
			baseConfigurationReference = E41D3ED613B38FB500A75A5D /* Project.xcconfig */;
			buildSettings = {
				ALWAYS_SEARCH_USER_PATHS = YES;
				ARCHS = "$(ARCHS_STANDARD_32_BIT)";
				CLANG_CXX_LIBRARY = "libstdc++";
				CODE_SIGN_IDENTITY = "";
				"CODE_SIGN_IDENTITY[sdk=iphoneos*]" = "iPhone Developer";
				COMPRESS_PNG_FILES = NO;
				GCC_C_LANGUAGE_STANDARD = c99;
				GCC_DYNAMIC_NO_PIC = YES;
				GCC_GENERATE_DEBUGGING_SYMBOLS = NO;
				GCC_OPTIMIZATION_LEVEL = 3;
				GCC_SYMBOLS_PRIVATE_EXTERN = NO;
				GCC_THUMB_SUPPORT = NO;
				GCC_WARN_ABOUT_RETURN_TYPE = YES;
				GCC_WARN_UNUSED_VARIABLE = YES;
				HEADER_SEARCH_PATHS = (
					"$(OF_CORE_HEADERS)",
					src,
				);
				IPHONEOS_DEPLOYMENT_TARGET = 3.1;
				ONLY_ACTIVE_ARCH = NO;
				SDKROOT = iphoneos;
				TARGETED_DEVICE_FAMILY = 1;
				WARNING_LDFLAGS = "-no_arch_warnings";
			};
			name = Release;
		};
/* End XCBuildConfiguration section */

/* Begin XCConfigurationList section */
		1D6058960D05DD3E006BFB54 /* Build configuration list for PBXNativeTarget "iosofxBulletEmptyExample" */ = {
			isa = XCConfigurationList;
			buildConfigurations = (
				1D6058940D05DD3E006BFB54 /* Debug */,
				1D6058950D05DD3E006BFB54 /* Release */,
			);
			defaultConfigurationIsVisible = 0;
			defaultConfigurationName = Release;
		};
		C01FCF4E08A954540054247B /* Build configuration list for PBXProject "iosofxBulletEmptyExample" */ = {
			isa = XCConfigurationList;
			buildConfigurations = (
				C01FCF4F08A954540054247B /* Debug */,
				C01FCF5008A954540054247B /* Release */,
			);
			defaultConfigurationIsVisible = 0;
			defaultConfigurationName = Release;
		};
/* End XCConfigurationList section */
	};
	rootObject = 29B97313FDCFA39411CA2CEA /* Project object */;
}
